PODS:
  - mopub-ios-sdk (4.12.0):
    - mopub-ios-sdk/MoPubSDK (= 4.12.0)
  - mopub-ios-sdk/MoPubSDK (4.12.0)
  - SAAdLoader (1.0.3):
    - SAModelSpace (= 0.4.2)
    - SANetworking (= 0.2.9)
    - SASession (= 0.3.5)
    - SAUtils (= 1.5.0)
    - SAVASTParser (= 1.6.0)
  - SACPI (1.0.2):
    - SAModelSpace (= 0.4.2)
    - SANetworking (= 0.2.9)
    - SASession (= 0.3.5)
    - SAUtils (= 1.5.0)
  - SAEvents (1.7.4):
    - SAEvents/Core (= 1.7.4)
    - SAModelSpace (= 0.4.2)
    - SANetworking (= 0.2.9)
    - SAUtils (= 1.5.0)
  - SAEvents/Core (1.7.4):
    - SAModelSpace (= 0.4.2)
    - SANetworking (= 0.2.9)
    - SAUtils (= 1.5.0)
  - SAEvents/Moat (1.7.4):
    - SAEvents/Core
    - SAModelSpace (= 0.4.2)
    - SANetworking (= 0.2.9)
    - SAUtils (= 1.5.0)
  - SAJsonParser (1.3.2)
  - SAModelSpace (0.4.2):
    - SAJsonParser (= 1.3.2)
    - SAUtils (= 1.5.0)
  - SANetworking (0.2.9)
  - SASession (0.3.5):
    - SAUtils (= 1.5.0)
  - SAUtils (1.5.0)
  - SAVASTParser (1.6.0):
    - SAModelSpace (= 0.4.2)
    - SANetworking (= 0.2.9)
    - SAUtils (= 1.5.0)
  - SAVideoPlayer (1.2.1)
  - SAWebPlayer (1.1.7)
  - SuperAwesome/AIR (5.4.2):
    - SuperAwesome/Base
  - SuperAwesome/Base (5.4.2):
    - SAAdLoader (= 1.0.3)
    - SACPI (= 1.0.2)
    - SAEvents (= 1.7.4)
    - SAVideoPlayer (= 1.2.1)
    - SAWebPlayer (= 1.1.7)
  - SuperAwesome/Full (5.4.2):
    - SAEvents/Moat
    - SuperAwesome/Base
  - SuperAwesome/MoPub (5.4.2):
    - mopub-ios-sdk
    - SuperAwesome/Base
  - SuperAwesome/Unity (5.4.2):
    - SuperAwesome/Base

DEPENDENCIES:
  - SuperAwesome/AIR (from `../`)
  - SuperAwesome/Full (from `../`)
  - SuperAwesome/MoPub (from `../`)
  - SuperAwesome/Unity (from `../`)

EXTERNAL SOURCES:
  SuperAwesome:
    :path: ../

SPEC CHECKSUMS:
  mopub-ios-sdk: f1223e3f54a4ff68394f4fd9e42651801cf09704
  SAAdLoader: cf7ccac17e7bd37a87d09053df66479e7838ebe2
  SACPI: 8c2a300728785f43582449892ef0c2743d97e295
  SAEvents: 22a998ef230ef6cc959421e06481a25fba3ab851
  SAJsonParser: d0db6d8c737c04f8bf4e9474e82825347aa24f58
  SAModelSpace: eea2ad6ccb674f44951328b911864d377e4f07a7
  SANetworking: 40e2a8ffd5c680be57dfd91426f3c74933ad1d80
  SASession: 132766325ba7bf55d283bb3bfa4bc5a8c470347e
  SAUtils: 1e8b881ca8c7fac2749c8fd9b851f0b344611035
  SAVASTParser: 32903ba388fe11bf706fa67c831a7de5c2fc4fb3
  SAVideoPlayer: ca3a28494337373e18cd00b51ada7549c701b579
  SAWebPlayer: 7f5053de3af757bee012380656c74c8b387c3524
  SuperAwesome: eabccec0ed1de766a2c141c6af1b161d637ed448

PODFILE CHECKSUM: d7dc34ed2a1143fdc9c2f8f0011f9a920e9b4011

COCOAPODS: 1.2.0.beta.1
