PODS:
  - Alamofire (5.3.0)
  - Moya (14.0.0):
    - Moya/Core (= 14.0.0)
  - Moya/Core (14.0.0):
    - Alamofire (~> 5.0)
  - SAVideoPlayer (2.0.1)
  - SuperAwesome/CommonModule (7.2.13):
    - SAVideoPlayer (~> 2.0)
    - SwiftyXMLParser (~> 5.0)
  - SuperAwesome/CoreModule (7.2.13):
    - SuperAwesome/CommonModule
    - SuperAwesome/NetworkModule
    - SuperAwesome/UIModule
  - SuperAwesome/FullModule (7.2.13):
    - SuperAwesome/CoreModule
    - SuperAwesome/MoatModule
  - SuperAwesome/MoatModule (7.2.13):
    - SuperAwesome/CommonModule
  - SuperAwesome/NetworkModule (7.2.13):
    - Moya (~> 14.0)
    - SuperAwesome/CommonModule
  - SuperAwesome/UIModule (7.2.13):
    - SuperAwesome/CommonModule
  - SwiftyXMLParser (5.0.0)

DEPENDENCIES:
  - SuperAwesome/FullModule (from `../`)

SPEC REPOS:
  trunk:
    - Alamofire
    - Moya
    - SAVideoPlayer
    - SwiftyXMLParser

EXTERNAL SOURCES:
  SuperAwesome:
    :path: "../"

SPEC CHECKSUMS:
  Alamofire: 2c792affbdc2f18016e08fdbcacd60aebe1ba593
  Moya: 5b45dacb75adb009f97fde91c204c1e565d31916
  SAVideoPlayer: 5a1db63d754db28595f8561b910e1f9754cbfa13
  SuperAwesome: 2bc5b2738ab4c90329bd8c0df1471cb17de8524b
  SwiftyXMLParser: 5ebb8793192f403fa8cc691045143906122a7a75

PODFILE CHECKSUM: c2fe185b3ea208a48ad3fa0af81339743cf2cf95

COCOAPODS: 1.10.0
