PODS:
  - mopub-ios-sdk (5.4.1):
    - mopub-ios-sdk/MoPubSDK (= 5.4.1)
  - mopub-ios-sdk/Avid (5.4.1):
    - mopub-ios-sdk/Core
  - mopub-ios-sdk/Core (5.4.1)
  - mopub-ios-sdk/Moat (5.4.1):
    - mopub-ios-sdk/Core
  - mopub-ios-sdk/MoPubSDK (5.4.1):
    - mopub-ios-sdk/Avid
    - mopub-ios-sdk/Core
    - mopub-ios-sdk/Moat
  - SAAdLoader (1.4.2):
    - SAModelSpace (= 1.0.0)
    - SANetworking (= 1.0.0)
    - SASession (= 1.1.2)
    - SAUtils (= 1.5.5)
    - SAVASTParser (= 1.7.5)
  - SABumperPage (1.0.6)
  - SAEvents (2.2.4):
    - SAEvents/Core (= 2.2.4)
    - SAModelSpace (= 1.0.0)
    - SANetworking (= 1.0.0)
    - SASession (= 1.1.2)
    - SAUtils (= 1.5.5)
  - SAEvents/Core (2.2.4):
    - SAModelSpace (= 1.0.0)
    - SANetworking (= 1.0.0)
    - SASession (= 1.1.2)
    - SAUtils (= 1.5.5)
  - SAEvents/Moat2 (2.2.4):
    - SAEvents/Core
    - SAModelSpace (= 1.0.0)
    - SANetworking (= 1.0.0)
    - SASession (= 1.1.2)
    - SAUtils (= 1.5.5)
  - SAGDPRKisMinor (2.0.0):
    - SAJsonParser (= 1.3.5)
    - SANetworking (= 1.0.0)
    - SAUtils (= 1.5.5)
  - SAJsonParser (1.3.5)
  - SAModelSpace (1.0.0):
    - SAJsonParser (= 1.3.5)
    - SAUtils (= 1.5.5)
  - SANetworking (1.0.0)
  - SAParentalGate (1.0.2)
  - SASession (1.1.2):
    - SAUtils (= 1.5.5)
  - SAUtils (1.5.5)
  - SAVASTParser (1.7.5):
    - SAModelSpace (= 1.0.0)
    - SANetworking (= 1.0.0)
    - SAUtils (= 1.5.5)
  - SAVideoPlayer (1.2.5)
  - SAWebPlayer (1.3.0):
    - SANetworking (= 1.0.0)
  - SuperAwesome/Base (6.1.9):
    - SAAdLoader (= 1.4.2)
    - SABumperPage (= 1.0.6)
    - SAEvents (= 2.2.4)
    - SAGDPRKisMinor (= 2.0.0)
    - SAParentalGate (= 1.0.2)
    - SAVideoPlayer (= 1.2.5)
    - SAWebPlayer (= 1.3.0)
  - SuperAwesome/Full (6.1.9):
    - SAEvents/Moat2
    - SuperAwesome/Base
  - SuperAwesome/MoPub (6.1.9):
    - mopub-ios-sdk
    - SuperAwesome/Base

DEPENDENCIES:
  - SuperAwesome/Full (from `../`)
  - SuperAwesome/MoPub (from `../`)

SPEC REPOS:
  https://github.com/cocoapods/specs.git:
    - mopub-ios-sdk
    - SAAdLoader
    - SABumperPage
    - SAEvents
    - SAGDPRKisMinor
    - SAJsonParser
    - SAModelSpace
    - SANetworking
    - SAParentalGate
    - SASession
    - SAUtils
    - SAVASTParser
    - SAVideoPlayer
    - SAWebPlayer

EXTERNAL SOURCES:
  SuperAwesome:
    :path: "../"

SPEC CHECKSUMS:
  mopub-ios-sdk: 320de49dd0a352ac58d33104a23853e749a84a78
  SAAdLoader: c888a60d899a0e82289ac497ccef54fc4c68de6d
  SABumperPage: 59cb8525a68cc49a646a416977dbc0c963965eb7
  SAEvents: ee2cb6b1ce57ec1ad49d7101cc6c50aba531ff5d
  SAGDPRKisMinor: 1e8ea22afdf16e41f180dcb611ce86077e42cf6b
  SAJsonParser: a9fac712c99b71e36997010413862866f8246d5a
  SAModelSpace: 07140f87445b477fbb61e5016a51e9f4c02546c7
  SANetworking: 672cec0782244c2d780c3c58867e58e8ed2917ee
  SAParentalGate: 5279fce38eac5fc49c93d99ed45cf86e8a08ec51
  SASession: 05f174a62318b786ee36e4e34d97c2b96444d0ae
  SAUtils: 95e06baec2636bfe494d9f8a43ec4def6fb28229
  SAVASTParser: fa343296e3fd7103a5da210a7c41020a8f280a41
  SAVideoPlayer: cc118f17151dfd227a3115a9d266e1cae12c1f3c
  SAWebPlayer: ee76faded1a79e05098cacde55b97e64a98deed2
  SuperAwesome: d8d4466fa84ec965595a6a909e7faa0428de3322

PODFILE CHECKSUM: bd5f3d8935f7d468eb88cb14101d4a8127b4cd32

COCOAPODS: 1.5.3
