// !$*UTF8*$!
{
	archiveVersion = 1;
	classes = {
	};
	objectVersion = 56;
	objects = {

/* Begin PBXBuildFile section */
		E10186B5021C66B38EBAB884 /* Pods_SuperAwesomeIronSourceExample.framework in Frameworks */ = {isa = PBXBuildFile; fileRef = D61E37A4545AD00B363559AA /* Pods_SuperAwesomeIronSourceExample.framework */; };
		F20231AA2A7800A30011B67D /* IronSourceViewController.swift in Sources */ = {isa = PBXBuildFile; fileRef = F20231A92A7800A30011B67D /* IronSourceViewController.swift */; };
		F20231AC2A7805D60011B67D /* ContentView.swift in Sources */ = {isa = PBXBuildFile; fileRef = F20231AB2A7805D60011B67D /* ContentView.swift */; };
		F20231B02A780FDB0011B67D /* Podfile in Resources */ = {isa = PBXBuildFile; fileRef = F20231AF2A780FDB0011B67D /* Podfile */; };
		F2ADB7F72A77E93F0060D624 /* SuperAwesomeIronSourceExampleApp.swift in Sources */ = {isa = PBXBuildFile; fileRef = F2ADB7F62A77E93F0060D624 /* SuperAwesomeIronSourceExampleApp.swift */; };
		F2ADB7F92A77E93F0060D624 /* IronSourceViewWrapper.swift in Sources */ = {isa = PBXBuildFile; fileRef = F2ADB7F82A77E93F0060D624 /* IronSourceViewWrapper.swift */; };
		F2ADB7FB2A77E9400060D624 /* Assets.xcassets in Resources */ = {isa = PBXBuildFile; fileRef = F2ADB7FA2A77E9400060D624 /* Assets.xcassets */; };
		F2ADB7FE2A77E9400060D624 /* Preview Assets.xcassets in Resources */ = {isa = PBXBuildFile; fileRef = F2ADB7FD2A77E9400060D624 /* Preview Assets.xcassets */; };
/* End PBXBuildFile section */

/* Begin PBXFileReference section */
		156D6020EE46BE97D8122B4A /* Pods-SuperAwesomeIronSourceExample.debug.xcconfig */ = {isa = PBXFileReference; includeInIndex = 1; lastKnownFileType = text.xcconfig; name = "Pods-SuperAwesomeIronSourceExample.debug.xcconfig"; path = "Target Support Files/Pods-SuperAwesomeIronSourceExample/Pods-SuperAwesomeIronSourceExample.debug.xcconfig"; sourceTree = "<group>"; };
		D61E37A4545AD00B363559AA /* Pods_SuperAwesomeIronSourceExample.framework */ = {isa = PBXFileReference; explicitFileType = wrapper.framework; includeInIndex = 0; path = Pods_SuperAwesomeIronSourceExample.framework; sourceTree = BUILT_PRODUCTS_DIR; };
		E1A750257D03510C4FA06A75 /* Pods-SuperAwesomeIronSourceExample.release.xcconfig */ = {isa = PBXFileReference; includeInIndex = 1; lastKnownFileType = text.xcconfig; name = "Pods-SuperAwesomeIronSourceExample.release.xcconfig"; path = "Target Support Files/Pods-SuperAwesomeIronSourceExample/Pods-SuperAwesomeIronSourceExample.release.xcconfig"; sourceTree = "<group>"; };
		F20231A92A7800A30011B67D /* IronSourceViewController.swift */ = {isa = PBXFileReference; lastKnownFileType = sourcecode.swift; path = IronSourceViewController.swift; sourceTree = "<group>"; };
		F20231AB2A7805D60011B67D /* ContentView.swift */ = {isa = PBXFileReference; lastKnownFileType = sourcecode.swift; path = ContentView.swift; sourceTree = "<group>"; };
		F20231AF2A780FDB0011B67D /* Podfile */ = {isa = PBXFileReference; fileEncoding = 4; lastKnownFileType = text; path = Podfile; sourceTree = SOURCE_ROOT; };
		F2ADB7F32A77E93F0060D624 /* SuperAwesomeIronSourceExample.app */ = {isa = PBXFileReference; explicitFileType = wrapper.application; includeInIndex = 0; path = SuperAwesomeIronSourceExample.app; sourceTree = BUILT_PRODUCTS_DIR; };
		F2ADB7F62A77E93F0060D624 /* SuperAwesomeIronSourceExampleApp.swift */ = {isa = PBXFileReference; lastKnownFileType = sourcecode.swift; path = SuperAwesomeIronSourceExampleApp.swift; sourceTree = "<group>"; };
		F2ADB7F82A77E93F0060D624 /* IronSourceViewWrapper.swift */ = {isa = PBXFileReference; lastKnownFileType = sourcecode.swift; path = IronSourceViewWrapper.swift; sourceTree = "<group>"; };
		F2ADB7FA2A77E9400060D624 /* Assets.xcassets */ = {isa = PBXFileReference; lastKnownFileType = folder.assetcatalog; path = Assets.xcassets; sourceTree = "<group>"; };
		F2ADB7FD2A77E9400060D624 /* Preview Assets.xcassets */ = {isa = PBXFileReference; lastKnownFileType = folder.assetcatalog; path = "Preview Assets.xcassets"; sourceTree = "<group>"; };
/* End PBXFileReference section */

/* Begin PBXFrameworksBuildPhase section */
		F2ADB7F02A77E93F0060D624 /* Frameworks */ = {
			isa = PBXFrameworksBuildPhase;
			buildActionMask = 2147483647;
			files = (
				E10186B5021C66B38EBAB884 /* Pods_SuperAwesomeIronSourceExample.framework in Frameworks */,
			);
			runOnlyForDeploymentPostprocessing = 0;
		};
/* End PBXFrameworksBuildPhase section */

/* Begin PBXGroup section */
		7F89A447AB2A048277F395BA /* Frameworks */ = {
			isa = PBXGroup;
			children = (
				D61E37A4545AD00B363559AA /* Pods_SuperAwesomeIronSourceExample.framework */,
			);
			name = Frameworks;
			sourceTree = "<group>";
		};
		913BD22A4DFD1FBA6C4146E4 /* Pods */ = {
			isa = PBXGroup;
			children = (
				156D6020EE46BE97D8122B4A /* Pods-SuperAwesomeIronSourceExample.debug.xcconfig */,
				E1A750257D03510C4FA06A75 /* Pods-SuperAwesomeIronSourceExample.release.xcconfig */,
			);
			path = Pods;
			sourceTree = "<group>";
		};
		F2ADB7EA2A77E93F0060D624 = {
			isa = PBXGroup;
			children = (
				F2ADB7F52A77E93F0060D624 /* SuperAwesomeIronSourceExample */,
				F2ADB7F42A77E93F0060D624 /* Products */,
				913BD22A4DFD1FBA6C4146E4 /* Pods */,
				7F89A447AB2A048277F395BA /* Frameworks */,
			);
			sourceTree = "<group>";
		};
		F2ADB7F42A77E93F0060D624 /* Products */ = {
			isa = PBXGroup;
			children = (
				F2ADB7F32A77E93F0060D624 /* SuperAwesomeIronSourceExample.app */,
			);
			name = Products;
			sourceTree = "<group>";
		};
		F2ADB7F52A77E93F0060D624 /* SuperAwesomeIronSourceExample */ = {
			isa = PBXGroup;
			children = (
				F20231AF2A780FDB0011B67D /* Podfile */,
				F2ADB7F62A77E93F0060D624 /* SuperAwesomeIronSourceExampleApp.swift */,
				F2ADB7F82A77E93F0060D624 /* IronSourceViewWrapper.swift */,
				F2ADB7FA2A77E9400060D624 /* Assets.xcassets */,
				F2ADB7FC2A77E9400060D624 /* Preview Content */,
				F20231A92A7800A30011B67D /* IronSourceViewController.swift */,
				F20231AB2A7805D60011B67D /* ContentView.swift */,
			);
			path = SuperAwesomeIronSourceExample;
			sourceTree = "<group>";
		};
		F2ADB7FC2A77E9400060D624 /* Preview Content */ = {
			isa = PBXGroup;
			children = (
				F2ADB7FD2A77E9400060D624 /* Preview Assets.xcassets */,
			);
			path = "Preview Content";
			sourceTree = "<group>";
		};
/* End PBXGroup section */

/* Begin PBXNativeTarget section */
		F2ADB7F22A77E93F0060D624 /* SuperAwesomeIronSourceExample */ = {
			isa = PBXNativeTarget;
			buildConfigurationList = F2ADB8012A77E9400060D624 /* Build configuration list for PBXNativeTarget "SuperAwesomeIronSourceExample" */;
			buildPhases = (
				6C58E174AAD0A32704AD9D18 /* [CP] Check Pods Manifest.lock */,
				F2ADB7EF2A77E93F0060D624 /* Sources */,
				F2ADB7F02A77E93F0060D624 /* Frameworks */,
				F2ADB7F12A77E93F0060D624 /* Resources */,
				0D1BDD0CCF2A106B63A6A3E0 /* [CP] Embed Pods Frameworks */,
			);
			buildRules = (
			);
			dependencies = (
			);
			name = SuperAwesomeIronSourceExample;
			productName = SuperAwesomeIronSourceExample;
			productReference = F2ADB7F32A77E93F0060D624 /* SuperAwesomeIronSourceExample.app */;
			productType = "com.apple.product-type.application";
		};
/* End PBXNativeTarget section */

/* Begin PBXProject section */
		F2ADB7EB2A77E93F0060D624 /* Project object */ = {
			isa = PBXProject;
			attributes = {
				BuildIndependentTargetsInParallel = 1;
				LastSwiftUpdateCheck = 1430;
				LastUpgradeCheck = 1430;
				TargetAttributes = {
					F2ADB7F22A77E93F0060D624 = {
						CreatedOnToolsVersion = 14.3.1;
					};
				};
			};
			buildConfigurationList = F2ADB7EE2A77E93F0060D624 /* Build configuration list for PBXProject "SuperAwesomeIronSourceExample" */;
			compatibilityVersion = "Xcode 14.0";
			developmentRegion = en;
			hasScannedForEncodings = 0;
			knownRegions = (
				en,
				Base,
			);
			mainGroup = F2ADB7EA2A77E93F0060D624;
			productRefGroup = F2ADB7F42A77E93F0060D624 /* Products */;
			projectDirPath = "";
			projectRoot = "";
			targets = (
				F2ADB7F22A77E93F0060D624 /* SuperAwesomeIronSourceExample */,
			);
		};
/* End PBXProject section */

/* Begin PBXResourcesBuildPhase section */
		F2ADB7F12A77E93F0060D624 /* Resources */ = {
			isa = PBXResourcesBuildPhase;
			buildActionMask = 2147483647;
			files = (
				F20231B02A780FDB0011B67D /* Podfile in Resources */,
				F2ADB7FE2A77E9400060D624 /* Preview Assets.xcassets in Resources */,
				F2ADB7FB2A77E9400060D624 /* Assets.xcassets in Resources */,
			);
			runOnlyForDeploymentPostprocessing = 0;
		};
/* End PBXResourcesBuildPhase section */

/* Begin PBXShellScriptBuildPhase section */
		0D1BDD0CCF2A106B63A6A3E0 /* [CP] Embed Pods Frameworks */ = {
			isa = PBXShellScriptBuildPhase;
			buildActionMask = 2147483647;
			files = (
			);
			inputFileListPaths = (
				"${PODS_ROOT}/Target Support Files/Pods-SuperAwesomeIronSourceExample/Pods-SuperAwesomeIronSourceExample-frameworks-${CONFIGURATION}-input-files.xcfilelist",
			);
			name = "[CP] Embed Pods Frameworks";
			outputFileListPaths = (
				"${PODS_ROOT}/Target Support Files/Pods-SuperAwesomeIronSourceExample/Pods-SuperAwesomeIronSourceExample-frameworks-${CONFIGURATION}-output-files.xcfilelist",
			);
			runOnlyForDeploymentPostprocessing = 0;
			shellPath = /bin/sh;
			shellScript = "\"${PODS_ROOT}/Target Support Files/Pods-SuperAwesomeIronSourceExample/Pods-SuperAwesomeIronSourceExample-frameworks.sh\"\n";
			showEnvVarsInLog = 0;
		};
		6C58E174AAD0A32704AD9D18 /* [CP] Check Pods Manifest.lock */ = {
			isa = PBXShellScriptBuildPhase;
			buildActionMask = 2147483647;
			files = (
			);
			inputFileListPaths = (
			);
			inputPaths = (
				"${PODS_PODFILE_DIR_PATH}/Podfile.lock",
				"${PODS_ROOT}/Manifest.lock",
			);
			name = "[CP] Check Pods Manifest.lock";
			outputFileListPaths = (
			);
			outputPaths = (
				"$(DERIVED_FILE_DIR)/Pods-SuperAwesomeIronSourceExample-checkManifestLockResult.txt",
			);
			runOnlyForDeploymentPostprocessing = 0;
			shellPath = /bin/sh;
			shellScript = "diff \"${PODS_PODFILE_DIR_PATH}/Podfile.lock\" \"${PODS_ROOT}/Manifest.lock\" > /dev/null\nif [ $? != 0 ] ; then\n    # print error to STDERR\n    echo \"error: The sandbox is not in sync with the Podfile.lock. Run 'pod install' or update your CocoaPods installation.\" >&2\n    exit 1\nfi\n# This output is used by Xcode 'outputs' to avoid re-running this script phase.\necho \"SUCCESS\" > \"${SCRIPT_OUTPUT_FILE_0}\"\n";
			showEnvVarsInLog = 0;
		};
/* End PBXShellScriptBuildPhase section */

/* Begin PBXSourcesBuildPhase section */
		F2ADB7EF2A77E93F0060D624 /* Sources */ = {
			isa = PBXSourcesBuildPhase;
			buildActionMask = 2147483647;
			files = (
				F2ADB7F92A77E93F0060D624 /* IronSourceViewWrapper.swift in Sources */,
				F20231AA2A7800A30011B67D /* IronSourceViewController.swift in Sources */,
				F20231AC2A7805D60011B67D /* ContentView.swift in Sources */,
				F2ADB7F72A77E93F0060D624 /* SuperAwesomeIronSourceExampleApp.swift in Sources */,
			);
			runOnlyForDeploymentPostprocessing = 0;
		};
/* End PBXSourcesBuildPhase section */

/* Begin XCBuildConfiguration section */
		F2ADB7FF2A77E9400060D624 /* Debug */ = {
			isa = XCBuildConfiguration;
			buildSettings = {
				ALWAYS_SEARCH_USER_PATHS = NO;
				CLANG_ANALYZER_NONNULL = YES;
				CLANG_ANALYZER_NUMBER_OBJECT_CONVERSION = YES_AGGRESSIVE;
				CLANG_CXX_LANGUAGE_STANDARD = "gnu++20";
				CLANG_ENABLE_MODULES = YES;
				CLANG_ENABLE_OBJC_ARC = YES;
				CLANG_ENABLE_OBJC_WEAK = YES;
				CLANG_WARN_BLOCK_CAPTURE_AUTORELEASING = YES;
				CLANG_WARN_BOOL_CONVERSION = YES;
				CLANG_WARN_COMMA = YES;
				CLANG_WARN_CONSTANT_CONVERSION = YES;
				CLANG_WARN_DEPRECATED_OBJC_IMPLEMENTATIONS = YES;
				CLANG_WARN_DIRECT_OBJC_ISA_USAGE = YES_ERROR;
				CLANG_WARN_DOCUMENTATION_COMMENTS = YES;
				CLANG_WARN_EMPTY_BODY = YES;
				CLANG_WARN_ENUM_CONVERSION = YES;
				CLANG_WARN_INFINITE_RECURSION = YES;
				CLANG_WARN_INT_CONVERSION = YES;
				CLANG_WARN_NON_LITERAL_NULL_CONVERSION = YES;
				CLANG_WARN_OBJC_IMPLICIT_RETAIN_SELF = YES;
				CLANG_WARN_OBJC_LITERAL_CONVERSION = YES;
				CLANG_WARN_OBJC_ROOT_CLASS = YES_ERROR;
				CLANG_WARN_QUOTED_INCLUDE_IN_FRAMEWORK_HEADER = YES;
				CLANG_WARN_RANGE_LOOP_ANALYSIS = YES;
				CLANG_WARN_STRICT_PROTOTYPES = YES;
				CLANG_WARN_SUSPICIOUS_MOVE = YES;
				CLANG_WARN_UNGUARDED_AVAILABILITY = YES_AGGRESSIVE;
				CLANG_WARN_UNREACHABLE_CODE = YES;
				CLANG_WARN__DUPLICATE_METHOD_MATCH = YES;
				COPY_PHASE_STRIP = NO;
				DEBUG_INFORMATION_FORMAT = dwarf;
				ENABLE_STRICT_OBJC_MSGSEND = YES;
				ENABLE_TESTABILITY = YES;
				GCC_C_LANGUAGE_STANDARD = gnu11;
				GCC_DYNAMIC_NO_PIC = NO;
				GCC_NO_COMMON_BLOCKS = YES;
				GCC_OPTIMIZATION_LEVEL = 0;
				GCC_PREPROCESSOR_DEFINITIONS = (
					"DEBUG=1",
					"$(inherited)",
				);
				GCC_WARN_64_TO_32_BIT_CONVERSION = YES;
				GCC_WARN_ABOUT_RETURN_TYPE = YES_ERROR;
				GCC_WARN_UNDECLARED_SELECTOR = YES;
				GCC_WARN_UNINITIALIZED_AUTOS = YES_AGGRESSIVE;
				GCC_WARN_UNUSED_FUNCTION = YES;
				GCC_WARN_UNUSED_VARIABLE = YES;
				IPHONEOS_DEPLOYMENT_TARGET = 16.4;
				MTL_ENABLE_DEBUG_INFO = INCLUDE_SOURCE;
				MTL_FAST_MATH = YES;
				ONLY_ACTIVE_ARCH = YES;
				SDKROOT = iphoneos;
				SWIFT_ACTIVE_COMPILATION_CONDITIONS = DEBUG;
				SWIFT_OPTIMIZATION_LEVEL = "-Onone";
			};
			name = Debug;
		};
		F2ADB8002A77E9400060D624 /* Release */ = {
			isa = XCBuildConfiguration;
			buildSettings = {
				ALWAYS_SEARCH_USER_PATHS = NO;
				CLANG_ANALYZER_NONNULL = YES;
				CLANG_ANALYZER_NUMBER_OBJECT_CONVERSION = YES_AGGRESSIVE;
				CLANG_CXX_LANGUAGE_STANDARD = "gnu++20";
				CLANG_ENABLE_MODULES = YES;
				CLANG_ENABLE_OBJC_ARC = YES;
				CLANG_ENABLE_OBJC_WEAK = YES;
				CLANG_WARN_BLOCK_CAPTURE_AUTORELEASING = YES;
				CLANG_WARN_BOOL_CONVERSION = YES;
				CLANG_WARN_COMMA = YES;
				CLANG_WARN_CONSTANT_CONVERSION = YES;
				CLANG_WARN_DEPRECATED_OBJC_IMPLEMENTATIONS = YES;
				CLANG_WARN_DIRECT_OBJC_ISA_USAGE = YES_ERROR;
				CLANG_WARN_DOCUMENTATION_COMMENTS = YES;
				CLANG_WARN_EMPTY_BODY = YES;
				CLANG_WARN_ENUM_CONVERSION = YES;
				CLANG_WARN_INFINITE_RECURSION = YES;
				CLANG_WARN_INT_CONVERSION = YES;
				CLANG_WARN_NON_LITERAL_NULL_CONVERSION = YES;
				CLANG_WARN_OBJC_IMPLICIT_RETAIN_SELF = YES;
				CLANG_WARN_OBJC_LITERAL_CONVERSION = YES;
				CLANG_WARN_OBJC_ROOT_CLASS = YES_ERROR;
				CLANG_WARN_QUOTED_INCLUDE_IN_FRAMEWORK_HEADER = YES;
				CLANG_WARN_RANGE_LOOP_ANALYSIS = YES;
				CLANG_WARN_STRICT_PROTOTYPES = YES;
				CLANG_WARN_SUSPICIOUS_MOVE = YES;
				CLANG_WARN_UNGUARDED_AVAILABILITY = YES_AGGRESSIVE;
				CLANG_WARN_UNREACHABLE_CODE = YES;
				CLANG_WARN__DUPLICATE_METHOD_MATCH = YES;
				COPY_PHASE_STRIP = NO;
				DEBUG_INFORMATION_FORMAT = "dwarf-with-dsym";
				ENABLE_NS_ASSERTIONS = NO;
				ENABLE_STRICT_OBJC_MSGSEND = YES;
				GCC_C_LANGUAGE_STANDARD = gnu11;
				GCC_NO_COMMON_BLOCKS = YES;
				GCC_WARN_64_TO_32_BIT_CONVERSION = YES;
				GCC_WARN_ABOUT_RETURN_TYPE = YES_ERROR;
				GCC_WARN_UNDECLARED_SELECTOR = YES;
				GCC_WARN_UNINITIALIZED_AUTOS = YES_AGGRESSIVE;
				GCC_WARN_UNUSED_FUNCTION = YES;
				GCC_WARN_UNUSED_VARIABLE = YES;
				IPHONEOS_DEPLOYMENT_TARGET = 16.4;
				MTL_ENABLE_DEBUG_INFO = NO;
				MTL_FAST_MATH = YES;
				SDKROOT = iphoneos;
				SWIFT_COMPILATION_MODE = wholemodule;
				SWIFT_OPTIMIZATION_LEVEL = "-O";
				VALIDATE_PRODUCT = YES;
			};
			name = Release;
		};
		F2ADB8022A77E9400060D624 /* Debug */ = {
			isa = XCBuildConfiguration;
			baseConfigurationReference = 156D6020EE46BE97D8122B4A /* Pods-SuperAwesomeIronSourceExample.debug.xcconfig */;
			buildSettings = {
				ASSETCATALOG_COMPILER_APPICON_NAME = AppIcon;
				ASSETCATALOG_COMPILER_GLOBAL_ACCENT_COLOR_NAME = AccentColor;
				CODE_SIGN_STYLE = Automatic;
				CURRENT_PROJECT_VERSION = 1;
				DEVELOPMENT_ASSET_PATHS = "\"SuperAwesomeIronSourceExample/Preview Content\"";
				DEVELOPMENT_TEAM = DCC9L689QJ;
				ENABLE_PREVIEWS = YES;
				GENERATE_INFOPLIST_FILE = YES;
				INFOPLIST_KEY_UIApplicationSceneManifest_Generation = YES;
				INFOPLIST_KEY_UIApplicationSupportsIndirectInputEvents = YES;
				INFOPLIST_KEY_UILaunchScreen_Generation = YES;
				INFOPLIST_KEY_UISupportedInterfaceOrientations_iPad = "UIInterfaceOrientationPortrait UIInterfaceOrientationPortraitUpsideDown UIInterfaceOrientationLandscapeLeft UIInterfaceOrientationLandscapeRight";
				INFOPLIST_KEY_UISupportedInterfaceOrientations_iPhone = "UIInterfaceOrientationPortrait UIInterfaceOrientationLandscapeLeft UIInterfaceOrientationLandscapeRight";
				LD_RUNPATH_SEARCH_PATHS = (
					"$(inherited)",
					"@executable_path/Frameworks",
				);
				MARKETING_VERSION = 1.0;
				PRODUCT_BUNDLE_IDENTIFIER = tv.superawesome.awesomeads.sdk.SuperAwesomeIronSourceExample;
				PRODUCT_NAME = "$(TARGET_NAME)";
				SWIFT_EMIT_LOC_STRINGS = YES;
				SWIFT_VERSION = 5.0;
				TARGETED_DEVICE_FAMILY = "1,2";
			};
			name = Debug;
		};
		F2ADB8032A77E9400060D624 /* Release */ = {
			isa = XCBuildConfiguration;
			baseConfigurationReference = E1A750257D03510C4FA06A75 /* Pods-SuperAwesomeIronSourceExample.release.xcconfig */;
			buildSettings = {
				ASSETCATALOG_COMPILER_APPICON_NAME = AppIcon;
				ASSETCATALOG_COMPILER_GLOBAL_ACCENT_COLOR_NAME = AccentColor;
				CODE_SIGN_STYLE = Automatic;
				CURRENT_PROJECT_VERSION = 1;
				DEVELOPMENT_ASSET_PATHS = "\"SuperAwesomeIronSourceExample/Preview Content\"";
				DEVELOPMENT_TEAM = DCC9L689QJ;
				ENABLE_PREVIEWS = YES;
				GENERATE_INFOPLIST_FILE = YES;
				INFOPLIST_KEY_UIApplicationSceneManifest_Generation = YES;
				INFOPLIST_KEY_UIApplicationSupportsIndirectInputEvents = YES;
				INFOPLIST_KEY_UILaunchScreen_Generation = YES;
				INFOPLIST_KEY_UISupportedInterfaceOrientations_iPad = "UIInterfaceOrientationPortrait UIInterfaceOrientationPortraitUpsideDown UIInterfaceOrientationLandscapeLeft UIInterfaceOrientationLandscapeRight";
				INFOPLIST_KEY_UISupportedInterfaceOrientations_iPhone = "UIInterfaceOrientationPortrait UIInterfaceOrientationLandscapeLeft UIInterfaceOrientationLandscapeRight";
				LD_RUNPATH_SEARCH_PATHS = (
					"$(inherited)",
					"@executable_path/Frameworks",
				);
				MARKETING_VERSION = 1.0;
				PRODUCT_BUNDLE_IDENTIFIER = tv.superawesome.awesomeads.sdk.SuperAwesomeIronSourceExample;
				PRODUCT_NAME = "$(TARGET_NAME)";
				SWIFT_EMIT_LOC_STRINGS = YES;
				SWIFT_VERSION = 5.0;
				TARGETED_DEVICE_FAMILY = "1,2";
			};
			name = Release;
		};
/* End XCBuildConfiguration section */

/* Begin XCConfigurationList section */
		F2ADB7EE2A77E93F0060D624 /* Build configuration list for PBXProject "SuperAwesomeIronSourceExample" */ = {
			isa = XCConfigurationList;
			buildConfigurations = (
				F2ADB7FF2A77E9400060D624 /* Debug */,
				F2ADB8002A77E9400060D624 /* Release */,
			);
			defaultConfigurationIsVisible = 0;
			defaultConfigurationName = Release;
		};
		F2ADB8012A77E9400060D624 /* Build configuration list for PBXNativeTarget "SuperAwesomeIronSourceExample" */ = {
			isa = XCConfigurationList;
			buildConfigurations = (
				F2ADB8022A77E9400060D624 /* Debug */,
				F2ADB8032A77E9400060D624 /* Release */,
			);
			defaultConfigurationIsVisible = 0;
			defaultConfigurationName = Release;
		};
/* End XCConfigurationList section */
	};
	rootObject = F2ADB7EB2A77E93F0060D624 /* Project object */;
}
