PODS:
  - mopub-ios-sdk (4.4.0):
    - mopub-ios-sdk/MoPubSDK (= 4.4.0)
  - mopub-ios-sdk/MoPubSDK (4.4.0)
  - SuperAwesome (3.6.1)

DEPENDENCIES:
  - mopub-ios-sdk
  - SuperAwesome (from `../`)

EXTERNAL SOURCES:
  SuperAwesome:
    :path: ../

SPEC CHECKSUMS:
  mopub-ios-sdk: 89e57bd4c0d4ba8159781e11961c5afce7c19efe
  SuperAwesome: dbd62b1de6c86ab3e3dc5a3ceaa6e5aae517cd56

COCOAPODS: 0.38.2
