PODS:
  - mopub-ios-sdk (4.4.0):
    - mopub-ios-sdk/MoPubSDK (= 4.4.0)
  - mopub-ios-sdk/MoPubSDK (4.4.0)
  - SuperAwesome (3.5.7)

DEPENDENCIES:
  - mopub-ios-sdk
  - SuperAwesome (from `../`)

EXTERNAL SOURCES:
  SuperAwesome:
    :path: ../

SPEC CHECKSUMS:
  mopub-ios-sdk: 89e57bd4c0d4ba8159781e11961c5afce7c19efe
  SuperAwesome: cd6a5d83b81c7504381a1b7f3a4cfaa47e1ef5eb

COCOAPODS: 0.38.2
