PODS:
  - GoogleAds-IMA-iOS-SDK (3.0.beta.12)
  - JSONModel (1.0.2)
  - SuperAwesome (2.1.7):
    - JSONModel (~> 1.0.2)
    - SuperAwesome/Default (= 2.1.7)
  - SuperAwesome/Default (2.1.7):
    - GoogleAds-IMA-iOS-SDK (= 3.0.beta.12)
    - JSONModel (~> 1.0.2)

DEPENDENCIES:
  - SuperAwesome (from `../`)

EXTERNAL SOURCES:
  SuperAwesome:
    :path: ../

SPEC CHECKSUMS:
  GoogleAds-IMA-iOS-SDK: ce1c9191e3859466391de21c3e17d22ecbf77ecb
  JSONModel: 6ffcb4ffa3659c9e9a2e5d45d6c7705bab187c03
  SuperAwesome: ddf1730ac47794e1af6f4e2179045bfe17bab3d1

COCOAPODS: 0.38.2
