PODS:
  - GoogleAds-IMA-iOS-SDK (3.0.beta.12)
  - JSONModel (1.0.2)
  - SuperAwesome (3.2.4):
    - JSONModel (~> 1.0.2)
    - SuperAwesome/Default (= 3.2.4)
  - SuperAwesome/Default (3.2.4):
    - GoogleAds-IMA-iOS-SDK (= 3.0.beta.12)
    - JSONModel (~> 1.0.2)

DEPENDENCIES:
  - SuperAwesome (from `../`)

EXTERNAL SOURCES:
  SuperAwesome:
    :path: ../

SPEC CHECKSUMS:
  GoogleAds-IMA-iOS-SDK: ce1c9191e3859466391de21c3e17d22ecbf77ecb
  JSONModel: 6ffcb4ffa3659c9e9a2e5d45d6c7705bab187c03
  SuperAwesome: dde2d788fc1e27c3c531d7793a08c8d34ab27ce7

COCOAPODS: 0.38.2
