// !$*UTF8*$!
{
	archiveVersion = 1;
	classes = {
	};
	objectVersion = 46;
	objects = {

/* Begin PBXBuildFile section */
		03350F5FB7B8E70281B273D6 /* Pods_SuperAwesomeExample.framework in Frameworks */ = {isa = PBXBuildFile; fileRef = 0BBCA01C83F32389EDD10C5C /* Pods_SuperAwesomeExample.framework */; };
		1B76D2431C91EEB1000AE8F3 /* Assets.xcassets in Resources */ = {isa = PBXBuildFile; fileRef = 1B76D2421C91EEB1000AE8F3 /* Assets.xcassets */; };
		1B76D2461C91EEB1000AE8F3 /* LaunchScreen.storyboard in Resources */ = {isa = PBXBuildFile; fileRef = 1B76D2441C91EEB1000AE8F3 /* LaunchScreen.storyboard */; };
		C6142A13254B13EB00CD3DC7 /* SuperAwesomeExampleUITests.swift in Sources */ = {isa = PBXBuildFile; fileRef = C6142A12254B13EB00CD3DC7 /* SuperAwesomeExampleUITests.swift */; };
		C64CAD28249CC5AB00788A7F /* MoPubViewController.swift in Sources */ = {isa = PBXBuildFile; fileRef = C64CAD27249CC5AB00788A7F /* MoPubViewController.swift */; };
		C6535602245239270043115E /* HealthKit.framework in Frameworks */ = {isa = PBXBuildFile; fileRef = C6535601245239270043115E /* HealthKit.framework */; };
		C656915D250A3BCA00BF2855 /* AppDelegate.swift in Sources */ = {isa = PBXBuildFile; fileRef = C656915C250A3BCA00BF2855 /* AppDelegate.swift */; };
		C6EAD3BA25405EBA00A7E296 /* AwesomeAdsViewController.swift in Sources */ = {isa = PBXBuildFile; fileRef = C643DE0C24EFC7CA00B07228 /* AwesomeAdsViewController.swift */; };
		C6EAD3BF25405ED400A7E296 /* Main.storyboard in Resources */ = {isa = PBXBuildFile; fileRef = 1B76D23F1C91EEB1000AE8F3 /* Main.storyboard */; };
/* End PBXBuildFile section */

/* Begin PBXContainerItemProxy section */
		C6142A15254B13EB00CD3DC7 /* PBXContainerItemProxy */ = {
			isa = PBXContainerItemProxy;
			containerPortal = 1B76D22B1C91EEB1000AE8F3 /* Project object */;
			proxyType = 1;
			remoteGlobalIDString = 1B76D2321C91EEB1000AE8F3;
			remoteInfo = SuperAwesomeExample;
		};
/* End PBXContainerItemProxy section */

/* Begin PBXFileReference section */
		0BBCA01C83F32389EDD10C5C /* Pods_SuperAwesomeExample.framework */ = {isa = PBXFileReference; explicitFileType = wrapper.framework; includeInIndex = 0; path = Pods_SuperAwesomeExample.framework; sourceTree = BUILT_PRODUCTS_DIR; };
		1B76D2331C91EEB1000AE8F3 /* SuperAwesomeExample.app */ = {isa = PBXFileReference; explicitFileType = wrapper.application; includeInIndex = 0; path = SuperAwesomeExample.app; sourceTree = BUILT_PRODUCTS_DIR; };
		1B76D2401C91EEB1000AE8F3 /* Base */ = {isa = PBXFileReference; lastKnownFileType = file.storyboard; name = Base; path = Base.lproj/Main.storyboard; sourceTree = "<group>"; };
		1B76D2421C91EEB1000AE8F3 /* Assets.xcassets */ = {isa = PBXFileReference; lastKnownFileType = folder.assetcatalog; path = Assets.xcassets; sourceTree = "<group>"; };
		1B76D2451C91EEB1000AE8F3 /* Base */ = {isa = PBXFileReference; lastKnownFileType = file.storyboard; name = Base; path = Base.lproj/LaunchScreen.storyboard; sourceTree = "<group>"; };
		1B76D2471C91EEB1000AE8F3 /* Info.plist */ = {isa = PBXFileReference; lastKnownFileType = text.plist.xml; path = Info.plist; sourceTree = "<group>"; };
		1BFE15E422A00DE500C500C0 /* SuperAwesome-Bridging-Header.h */ = {isa = PBXFileReference; lastKnownFileType = sourcecode.c.h; path = "SuperAwesome-Bridging-Header.h"; sourceTree = "<group>"; };
		8233ED82FEBF9DF63F853C2D /* Pods-SuperAwesomeExample.release.xcconfig */ = {isa = PBXFileReference; includeInIndex = 1; lastKnownFileType = text.xcconfig; name = "Pods-SuperAwesomeExample.release.xcconfig"; path = "Target Support Files/Pods-SuperAwesomeExample/Pods-SuperAwesomeExample.release.xcconfig"; sourceTree = "<group>"; };
		C6142A10254B13EB00CD3DC7 /* SuperAwesomeExampleUITests.xctest */ = {isa = PBXFileReference; explicitFileType = wrapper.cfbundle; includeInIndex = 0; path = SuperAwesomeExampleUITests.xctest; sourceTree = BUILT_PRODUCTS_DIR; };
		C6142A12254B13EB00CD3DC7 /* SuperAwesomeExampleUITests.swift */ = {isa = PBXFileReference; lastKnownFileType = sourcecode.swift; path = SuperAwesomeExampleUITests.swift; sourceTree = "<group>"; };
		C6142A14254B13EB00CD3DC7 /* Info.plist */ = {isa = PBXFileReference; lastKnownFileType = text.plist.xml; path = Info.plist; sourceTree = "<group>"; };
		C643DE0C24EFC7CA00B07228 /* AwesomeAdsViewController.swift */ = {isa = PBXFileReference; lastKnownFileType = sourcecode.swift; path = AwesomeAdsViewController.swift; sourceTree = "<group>"; };
		C64CAD27249CC5AB00788A7F /* MoPubViewController.swift */ = {isa = PBXFileReference; lastKnownFileType = sourcecode.swift; path = MoPubViewController.swift; sourceTree = "<group>"; };
		C6535600245239270043115E /* SuperAwesomeExample.entitlements */ = {isa = PBXFileReference; lastKnownFileType = text.plist.entitlements; path = SuperAwesomeExample.entitlements; sourceTree = "<group>"; };
		C6535601245239270043115E /* HealthKit.framework */ = {isa = PBXFileReference; lastKnownFileType = wrapper.framework; name = HealthKit.framework; path = System/Library/Frameworks/HealthKit.framework; sourceTree = SDKROOT; };
		C656915C250A3BCA00BF2855 /* AppDelegate.swift */ = {isa = PBXFileReference; fileEncoding = 4; lastKnownFileType = sourcecode.swift; path = AppDelegate.swift; sourceTree = "<group>"; };
		D4D57E57B388E5CC59AA7D5B /* Pods-SuperAwesomeExample.debug.xcconfig */ = {isa = PBXFileReference; includeInIndex = 1; lastKnownFileType = text.xcconfig; name = "Pods-SuperAwesomeExample.debug.xcconfig"; path = "Target Support Files/Pods-SuperAwesomeExample/Pods-SuperAwesomeExample.debug.xcconfig"; sourceTree = "<group>"; };
/* End PBXFileReference section */

/* Begin PBXFrameworksBuildPhase section */
		1B76D2301C91EEB1000AE8F3 /* Frameworks */ = {
			isa = PBXFrameworksBuildPhase;
			buildActionMask = 2147483647;
			files = (
				C6535602245239270043115E /* HealthKit.framework in Frameworks */,
				03350F5FB7B8E70281B273D6 /* Pods_SuperAwesomeExample.framework in Frameworks */,
			);
			runOnlyForDeploymentPostprocessing = 0;
		};
		C6142A0D254B13EB00CD3DC7 /* Frameworks */ = {
			isa = PBXFrameworksBuildPhase;
			buildActionMask = 2147483647;
			files = (
			);
			runOnlyForDeploymentPostprocessing = 0;
		};
/* End PBXFrameworksBuildPhase section */

/* Begin PBXGroup section */
		1B76D22A1C91EEB1000AE8F3 = {
			isa = PBXGroup;
			children = (
				C6535600245239270043115E /* SuperAwesomeExample.entitlements */,
				1B76D2351C91EEB1000AE8F3 /* SuperAwesome */,
				C6142A11254B13EB00CD3DC7 /* SuperAwesomeExampleUITests */,
				1B76D2341C91EEB1000AE8F3 /* Products */,
				91259B494F3335F77596BCC1 /* Pods */,
				63CB71636A495D6FBABE5223 /* Frameworks */,
			);
			sourceTree = "<group>";
		};
		1B76D2341C91EEB1000AE8F3 /* Products */ = {
			isa = PBXGroup;
			children = (
				1B76D2331C91EEB1000AE8F3 /* SuperAwesomeExample.app */,
				C6142A10254B13EB00CD3DC7 /* SuperAwesomeExampleUITests.xctest */,
			);
			name = Products;
			sourceTree = "<group>";
		};
		1B76D2351C91EEB1000AE8F3 /* SuperAwesome */ = {
			isa = PBXGroup;
			children = (
				1BB5F58E1ED6CC4F00ACD72E /* Storyboards */,
				1BB5F58D1ED6CC4300ACD72E /* Meta */,
				1BB5F58C1ED6CC3900ACD72E /* Controllers */,
			);
			path = SuperAwesome;
			sourceTree = "<group>";
		};
		1BB5F58C1ED6CC3900ACD72E /* Controllers */ = {
			isa = PBXGroup;
			children = (
				C64CAD27249CC5AB00788A7F /* MoPubViewController.swift */,
				C643DE0C24EFC7CA00B07228 /* AwesomeAdsViewController.swift */,
			);
			name = Controllers;
			sourceTree = "<group>";
		};
		1BB5F58D1ED6CC4300ACD72E /* Meta */ = {
			isa = PBXGroup;
			children = (
				C656915C250A3BCA00BF2855 /* AppDelegate.swift */,
				1B76D2421C91EEB1000AE8F3 /* Assets.xcassets */,
				1B76D2471C91EEB1000AE8F3 /* Info.plist */,
				1BFE15E422A00DE500C500C0 /* SuperAwesome-Bridging-Header.h */,
			);
			name = Meta;
			sourceTree = "<group>";
		};
		1BB5F58E1ED6CC4F00ACD72E /* Storyboards */ = {
			isa = PBXGroup;
			children = (
				1B76D2441C91EEB1000AE8F3 /* LaunchScreen.storyboard */,
				1B76D23F1C91EEB1000AE8F3 /* Main.storyboard */,
			);
			name = Storyboards;
			sourceTree = "<group>";
		};
		63CB71636A495D6FBABE5223 /* Frameworks */ = {
			isa = PBXGroup;
			children = (
				C6535601245239270043115E /* HealthKit.framework */,
				0BBCA01C83F32389EDD10C5C /* Pods_SuperAwesomeExample.framework */,
			);
			name = Frameworks;
			sourceTree = "<group>";
		};
		91259B494F3335F77596BCC1 /* Pods */ = {
			isa = PBXGroup;
			children = (
				D4D57E57B388E5CC59AA7D5B /* Pods-SuperAwesomeExample.debug.xcconfig */,
				8233ED82FEBF9DF63F853C2D /* Pods-SuperAwesomeExample.release.xcconfig */,
			);
			path = Pods;
			sourceTree = "<group>";
		};
		C6142A11254B13EB00CD3DC7 /* SuperAwesomeExampleUITests */ = {
			isa = PBXGroup;
			children = (
				C6142A12254B13EB00CD3DC7 /* SuperAwesomeExampleUITests.swift */,
				C6142A14254B13EB00CD3DC7 /* Info.plist */,
			);
			path = SuperAwesomeExampleUITests;
			sourceTree = "<group>";
		};
/* End PBXGroup section */

/* Begin PBXNativeTarget section */
		1B76D2321C91EEB1000AE8F3 /* SuperAwesomeExample */ = {
			isa = PBXNativeTarget;
			buildConfigurationList = 1B76D24A1C91EEB1000AE8F3 /* Build configuration list for PBXNativeTarget "SuperAwesomeExample" */;
			buildPhases = (
				44AA68D55C44D31FC4CB661B /* [CP] Check Pods Manifest.lock */,
				1B76D22F1C91EEB1000AE8F3 /* Sources */,
				1B76D2301C91EEB1000AE8F3 /* Frameworks */,
				1B76D2311C91EEB1000AE8F3 /* Resources */,
				2E109DD16A31554A3C36808E /* [CP] Embed Pods Frameworks */,
				4D3A77A7261DF98400E72054 /* ShellScript */,
			);
			buildRules = (
			);
			dependencies = (
			);
			name = SuperAwesomeExample;
			productName = SuperAwesome;
			productReference = 1B76D2331C91EEB1000AE8F3 /* SuperAwesomeExample.app */;
			productType = "com.apple.product-type.application";
		};
		C6142A0F254B13EB00CD3DC7 /* SuperAwesomeExampleUITests */ = {
			isa = PBXNativeTarget;
			buildConfigurationList = C6142A19254B13EB00CD3DC7 /* Build configuration list for PBXNativeTarget "SuperAwesomeExampleUITests" */;
			buildPhases = (
				C6142A0C254B13EB00CD3DC7 /* Sources */,
				C6142A0D254B13EB00CD3DC7 /* Frameworks */,
				C6142A0E254B13EB00CD3DC7 /* Resources */,
			);
			buildRules = (
			);
			dependencies = (
				C6142A16254B13EB00CD3DC7 /* PBXTargetDependency */,
			);
			name = SuperAwesomeExampleUITests;
			productName = SuperAwesomeExampleUITests;
			productReference = C6142A10254B13EB00CD3DC7 /* SuperAwesomeExampleUITests.xctest */;
			productType = "com.apple.product-type.bundle.ui-testing";
		};
/* End PBXNativeTarget section */

/* Begin PBXProject section */
		1B76D22B1C91EEB1000AE8F3 /* Project object */ = {
			isa = PBXProject;
			attributes = {
				LastSwiftUpdateCheck = 1210;
				LastUpgradeCheck = 1140;
				ORGANIZATIONNAME = "";
				TargetAttributes = {
					1B76D2321C91EEB1000AE8F3 = {
						CreatedOnToolsVersion = 7.2.1;
						DevelopmentTeam = DCC9L689QJ;
						LastSwiftMigration = 1020;
						ProvisioningStyle = Automatic;
					};
					C6142A0F254B13EB00CD3DC7 = {
						CreatedOnToolsVersion = 12.1;
						DevelopmentTeam = DCC9L689QJ;
						ProvisioningStyle = Automatic;
						TestTargetID = 1B76D2321C91EEB1000AE8F3;
					};
				};
			};
			buildConfigurationList = 1B76D22E1C91EEB1000AE8F3 /* Build configuration list for PBXProject "SuperAwesomeExample" */;
			compatibilityVersion = "Xcode 3.2";
			developmentRegion = en;
			hasScannedForEncodings = 0;
			knownRegions = (
				en,
				Base,
			);
			mainGroup = 1B76D22A1C91EEB1000AE8F3;
			productRefGroup = 1B76D2341C91EEB1000AE8F3 /* Products */;
			projectDirPath = "";
			projectRoot = "";
			targets = (
				1B76D2321C91EEB1000AE8F3 /* SuperAwesomeExample */,
				C6142A0F254B13EB00CD3DC7 /* SuperAwesomeExampleUITests */,
			);
		};
/* End PBXProject section */

/* Begin PBXResourcesBuildPhase section */
		1B76D2311C91EEB1000AE8F3 /* Resources */ = {
			isa = PBXResourcesBuildPhase;
			buildActionMask = 2147483647;
			files = (
				C6EAD3BF25405ED400A7E296 /* Main.storyboard in Resources */,
				1B76D2461C91EEB1000AE8F3 /* LaunchScreen.storyboard in Resources */,
				1B76D2431C91EEB1000AE8F3 /* Assets.xcassets in Resources */,
			);
			runOnlyForDeploymentPostprocessing = 0;
		};
		C6142A0E254B13EB00CD3DC7 /* Resources */ = {
			isa = PBXResourcesBuildPhase;
			buildActionMask = 2147483647;
			files = (
			);
			runOnlyForDeploymentPostprocessing = 0;
		};
/* End PBXResourcesBuildPhase section */

/* Begin PBXShellScriptBuildPhase section */
		2E109DD16A31554A3C36808E /* [CP] Embed Pods Frameworks */ = {
			isa = PBXShellScriptBuildPhase;
			buildActionMask = 2147483647;
			files = (
			);
			inputPaths = (
				"${PODS_ROOT}/Target Support Files/Pods-SuperAwesomeExample/Pods-SuperAwesomeExample-frameworks.sh",
				"${BUILT_PRODUCTS_DIR}/Alamofire/Alamofire.framework",
				"${BUILT_PRODUCTS_DIR}/Moya/Moya.framework",
				"${BUILT_PRODUCTS_DIR}/SAVideoPlayer/SAVideoPlayer.framework",
				"${BUILT_PRODUCTS_DIR}/SuperAwesome/SuperAwesome.framework",
				"${BUILT_PRODUCTS_DIR}/SwiftyXMLParser/SwiftyXMLParser.framework",
				"${BUILT_PRODUCTS_DIR}/mopub-ios-sdk/MoPubSDK.framework",
			);
			name = "[CP] Embed Pods Frameworks";
			outputPaths = (
				"${TARGET_BUILD_DIR}/${FRAMEWORKS_FOLDER_PATH}/Alamofire.framework",
				"${TARGET_BUILD_DIR}/${FRAMEWORKS_FOLDER_PATH}/Moya.framework",
				"${TARGET_BUILD_DIR}/${FRAMEWORKS_FOLDER_PATH}/SAVideoPlayer.framework",
				"${TARGET_BUILD_DIR}/${FRAMEWORKS_FOLDER_PATH}/SuperAwesome.framework",
				"${TARGET_BUILD_DIR}/${FRAMEWORKS_FOLDER_PATH}/SwiftyXMLParser.framework",
				"${TARGET_BUILD_DIR}/${FRAMEWORKS_FOLDER_PATH}/MoPubSDK.framework",
			);
			runOnlyForDeploymentPostprocessing = 0;
			shellPath = /bin/sh;
			shellScript = "\"${PODS_ROOT}/Target Support Files/Pods-SuperAwesomeExample/Pods-SuperAwesomeExample-frameworks.sh\"\n";
			showEnvVarsInLog = 0;
		};
		44AA68D55C44D31FC4CB661B /* [CP] Check Pods Manifest.lock */ = {
			isa = PBXShellScriptBuildPhase;
			buildActionMask = 2147483647;
			files = (
			);
			inputFileListPaths = (
			);
			inputPaths = (
				"${PODS_PODFILE_DIR_PATH}/Podfile.lock",
				"${PODS_ROOT}/Manifest.lock",
			);
			name = "[CP] Check Pods Manifest.lock";
			outputFileListPaths = (
			);
			outputPaths = (
				"$(DERIVED_FILE_DIR)/Pods-SuperAwesomeExample-checkManifestLockResult.txt",
			);
			runOnlyForDeploymentPostprocessing = 0;
			shellPath = /bin/sh;
			shellScript = "diff \"${PODS_PODFILE_DIR_PATH}/Podfile.lock\" \"${PODS_ROOT}/Manifest.lock\" > /dev/null\nif [ $? != 0 ] ; then\n    # print error to STDERR\n    echo \"error: The sandbox is not in sync with the Podfile.lock. Run 'pod install' or update your CocoaPods installation.\" >&2\n    exit 1\nfi\n# This output is used by Xcode 'outputs' to avoid re-running this script phase.\necho \"SUCCESS\" > \"${SCRIPT_OUTPUT_FILE_0}\"\n";
			showEnvVarsInLog = 0;
		};
		4D3A77A7261DF98400E72054 /* ShellScript */ = {
			isa = PBXShellScriptBuildPhase;
			buildActionMask = 2147483647;
			files = (
			);
			inputFileListPaths = (
			);
			inputPaths = (
			);
			outputFileListPaths = (
			);
			outputPaths = (
			);
			runOnlyForDeploymentPostprocessing = 0;
			shellPath = /bin/sh;
			shellScript = "if which \"${PODS_ROOT}/SwiftLint/swiftlint\" >/dev/null; then\n    ${PODS_ROOT}/SwiftLint/swiftlint\nelse\n    echo \"warning: SwiftLint not installed, download from https://github.com/realm/SwiftLint\"\nfi\n";
		};
/* End PBXShellScriptBuildPhase section */

/* Begin PBXSourcesBuildPhase section */
		1B76D22F1C91EEB1000AE8F3 /* Sources */ = {
			isa = PBXSourcesBuildPhase;
			buildActionMask = 2147483647;
			files = (
				C6EAD3BA25405EBA00A7E296 /* AwesomeAdsViewController.swift in Sources */,
				C64CAD28249CC5AB00788A7F /* MoPubViewController.swift in Sources */,
				C656915D250A3BCA00BF2855 /* AppDelegate.swift in Sources */,
			);
			runOnlyForDeploymentPostprocessing = 0;
		};
		C6142A0C254B13EB00CD3DC7 /* Sources */ = {
			isa = PBXSourcesBuildPhase;
			buildActionMask = 2147483647;
			files = (
				C6142A13254B13EB00CD3DC7 /* SuperAwesomeExampleUITests.swift in Sources */,
			);
			runOnlyForDeploymentPostprocessing = 0;
		};
/* End PBXSourcesBuildPhase section */

/* Begin PBXTargetDependency section */
		C6142A16254B13EB00CD3DC7 /* PBXTargetDependency */ = {
			isa = PBXTargetDependency;
			target = 1B76D2321C91EEB1000AE8F3 /* SuperAwesomeExample */;
			targetProxy = C6142A15254B13EB00CD3DC7 /* PBXContainerItemProxy */;
		};
/* End PBXTargetDependency section */

/* Begin PBXVariantGroup section */
		1B76D23F1C91EEB1000AE8F3 /* Main.storyboard */ = {
			isa = PBXVariantGroup;
			children = (
				1B76D2401C91EEB1000AE8F3 /* Base */,
			);
			name = Main.storyboard;
			sourceTree = "<group>";
		};
		1B76D2441C91EEB1000AE8F3 /* LaunchScreen.storyboard */ = {
			isa = PBXVariantGroup;
			children = (
				1B76D2451C91EEB1000AE8F3 /* Base */,
			);
			name = LaunchScreen.storyboard;
			sourceTree = "<group>";
		};
/* End PBXVariantGroup section */

/* Begin XCBuildConfiguration section */
		1B76D2481C91EEB1000AE8F3 /* Debug */ = {
			isa = XCBuildConfiguration;
			buildSettings = {
				ALWAYS_SEARCH_USER_PATHS = NO;
				CLANG_ANALYZER_LOCALIZABILITY_NONLOCALIZED = YES;
				CLANG_CXX_LANGUAGE_STANDARD = "gnu++0x";
				CLANG_CXX_LIBRARY = "libc++";
				CLANG_ENABLE_MODULES = YES;
				CLANG_ENABLE_OBJC_ARC = YES;
				CLANG_WARN_BLOCK_CAPTURE_AUTORELEASING = YES;
				CLANG_WARN_BOOL_CONVERSION = YES;
				CLANG_WARN_COMMA = YES;
				CLANG_WARN_CONSTANT_CONVERSION = YES;
				CLANG_WARN_DEPRECATED_OBJC_IMPLEMENTATIONS = YES;
				CLANG_WARN_DIRECT_OBJC_ISA_USAGE = YES_ERROR;
				CLANG_WARN_EMPTY_BODY = YES;
				CLANG_WARN_ENUM_CONVERSION = YES;
				CLANG_WARN_INFINITE_RECURSION = YES;
				CLANG_WARN_INT_CONVERSION = YES;
				CLANG_WARN_NON_LITERAL_NULL_CONVERSION = YES;
				CLANG_WARN_OBJC_IMPLICIT_RETAIN_SELF = YES;
				CLANG_WARN_OBJC_LITERAL_CONVERSION = YES;
				CLANG_WARN_OBJC_ROOT_CLASS = YES_ERROR;
				CLANG_WARN_RANGE_LOOP_ANALYSIS = YES;
				CLANG_WARN_STRICT_PROTOTYPES = YES;
				CLANG_WARN_SUSPICIOUS_MOVE = YES;
				CLANG_WARN_UNREACHABLE_CODE = YES;
				CLANG_WARN__DUPLICATE_METHOD_MATCH = YES;
				CODE_SIGN_IDENTITY = "iPhone Developer: Gabriel Coman (AWY9H4HC9C)";
				"CODE_SIGN_IDENTITY[sdk=iphoneos*]" = "iPhone Developer: Gabriel Coman (AWY9H4HC9C)";
				COPY_PHASE_STRIP = NO;
				DEBUG_INFORMATION_FORMAT = dwarf;
				ENABLE_STRICT_OBJC_MSGSEND = YES;
				ENABLE_TESTABILITY = YES;
				GCC_C_LANGUAGE_STANDARD = gnu99;
				GCC_DYNAMIC_NO_PIC = NO;
				GCC_NO_COMMON_BLOCKS = YES;
				GCC_OPTIMIZATION_LEVEL = 0;
				GCC_PREPROCESSOR_DEFINITIONS = (
					"DEBUG=1",
					"$(inherited)",
				);
				GCC_WARN_64_TO_32_BIT_CONVERSION = YES;
				GCC_WARN_ABOUT_RETURN_TYPE = YES_ERROR;
				GCC_WARN_UNDECLARED_SELECTOR = YES;
				GCC_WARN_UNINITIALIZED_AUTOS = YES_AGGRESSIVE;
				GCC_WARN_UNUSED_FUNCTION = YES;
				GCC_WARN_UNUSED_VARIABLE = YES;
				IPHONEOS_DEPLOYMENT_TARGET = 10.0;
				MTL_ENABLE_DEBUG_INFO = YES;
				ONLY_ACTIVE_ARCH = YES;
				SDKROOT = iphoneos;
				TARGETED_DEVICE_FAMILY = "1,2";
			};
			name = Debug;
		};
		1B76D2491C91EEB1000AE8F3 /* Release */ = {
			isa = XCBuildConfiguration;
			buildSettings = {
				ALWAYS_SEARCH_USER_PATHS = NO;
				CLANG_ANALYZER_LOCALIZABILITY_NONLOCALIZED = YES;
				CLANG_CXX_LANGUAGE_STANDARD = "gnu++0x";
				CLANG_CXX_LIBRARY = "libc++";
				CLANG_ENABLE_MODULES = YES;
				CLANG_ENABLE_OBJC_ARC = YES;
				CLANG_WARN_BLOCK_CAPTURE_AUTORELEASING = YES;
				CLANG_WARN_BOOL_CONVERSION = YES;
				CLANG_WARN_COMMA = YES;
				CLANG_WARN_CONSTANT_CONVERSION = YES;
				CLANG_WARN_DEPRECATED_OBJC_IMPLEMENTATIONS = YES;
				CLANG_WARN_DIRECT_OBJC_ISA_USAGE = YES_ERROR;
				CLANG_WARN_EMPTY_BODY = YES;
				CLANG_WARN_ENUM_CONVERSION = YES;
				CLANG_WARN_INFINITE_RECURSION = YES;
				CLANG_WARN_INT_CONVERSION = YES;
				CLANG_WARN_NON_LITERAL_NULL_CONVERSION = YES;
				CLANG_WARN_OBJC_IMPLICIT_RETAIN_SELF = YES;
				CLANG_WARN_OBJC_LITERAL_CONVERSION = YES;
				CLANG_WARN_OBJC_ROOT_CLASS = YES_ERROR;
				CLANG_WARN_RANGE_LOOP_ANALYSIS = YES;
				CLANG_WARN_STRICT_PROTOTYPES = YES;
				CLANG_WARN_SUSPICIOUS_MOVE = YES;
				CLANG_WARN_UNREACHABLE_CODE = YES;
				CLANG_WARN__DUPLICATE_METHOD_MATCH = YES;
				CODE_SIGN_IDENTITY = "iPhone Developer: Gabriel Coman (AWY9H4HC9C)";
				"CODE_SIGN_IDENTITY[sdk=iphoneos*]" = "iPhone Developer: Gabriel Coman (AWY9H4HC9C)";
				COPY_PHASE_STRIP = NO;
				DEBUG_INFORMATION_FORMAT = "dwarf-with-dsym";
				ENABLE_NS_ASSERTIONS = NO;
				ENABLE_STRICT_OBJC_MSGSEND = YES;
				GCC_C_LANGUAGE_STANDARD = gnu99;
				GCC_NO_COMMON_BLOCKS = YES;
				GCC_WARN_64_TO_32_BIT_CONVERSION = YES;
				GCC_WARN_ABOUT_RETURN_TYPE = YES_ERROR;
				GCC_WARN_UNDECLARED_SELECTOR = YES;
				GCC_WARN_UNINITIALIZED_AUTOS = YES_AGGRESSIVE;
				GCC_WARN_UNUSED_FUNCTION = YES;
				GCC_WARN_UNUSED_VARIABLE = YES;
				IPHONEOS_DEPLOYMENT_TARGET = 10.0;
				MTL_ENABLE_DEBUG_INFO = NO;
				SDKROOT = iphoneos;
				SWIFT_COMPILATION_MODE = wholemodule;
				TARGETED_DEVICE_FAMILY = "1,2";
				VALIDATE_PRODUCT = YES;
			};
			name = Release;
		};
		1B76D24B1C91EEB1000AE8F3 /* Debug */ = {
			isa = XCBuildConfiguration;
			baseConfigurationReference = D4D57E57B388E5CC59AA7D5B /* Pods-SuperAwesomeExample.debug.xcconfig */;
			buildSettings = {
				ASSETCATALOG_COMPILER_APPICON_NAME = AppIcon;
				CLANG_ALLOW_NON_MODULAR_INCLUDES_IN_FRAMEWORK_MODULES = NO;
				CLANG_ENABLE_MODULES = YES;
				CODE_SIGN_ENTITLEMENTS = SuperAwesomeExample.entitlements;
				CODE_SIGN_IDENTITY = "Apple Development";
				"CODE_SIGN_IDENTITY[sdk=iphoneos*]" = "iPhone Developer";
				CODE_SIGN_STYLE = Automatic;
				CURRENT_PROJECT_VERSION = 2;
				DEVELOPMENT_TEAM = DCC9L689QJ;
				INFOPLIST_FILE = SuperAwesome/Info.plist;
				IPHONEOS_DEPLOYMENT_TARGET = 10.0;
				LD_RUNPATH_SEARCH_PATHS = "$(inherited) @executable_path/Frameworks";
				OTHER_LDFLAGS = (
					"$(inherited)",
					"-framework",
					"\"SuperAwesome\"",
				);
				PRODUCT_BUNDLE_IDENTIFIER = tv.superawesome.awesomeads.sdk;
				PRODUCT_NAME = SuperAwesomeExample;
				PROVISIONING_PROFILE = "";
				PROVISIONING_PROFILE_SPECIFIER = "";
				SWIFT_OBJC_BRIDGING_HEADER = "SuperAwesome/SuperAwesome-Bridging-Header.h";
				SWIFT_OPTIMIZATION_LEVEL = "-Onone";
				SWIFT_VERSION = 5.0;
				TARGETED_DEVICE_FAMILY = "1,2";
			};
			name = Debug;
		};
		1B76D24C1C91EEB1000AE8F3 /* Release */ = {
			isa = XCBuildConfiguration;
			baseConfigurationReference = 8233ED82FEBF9DF63F853C2D /* Pods-SuperAwesomeExample.release.xcconfig */;
			buildSettings = {
				ASSETCATALOG_COMPILER_APPICON_NAME = AppIcon;
				CLANG_ALLOW_NON_MODULAR_INCLUDES_IN_FRAMEWORK_MODULES = NO;
				CLANG_ENABLE_MODULES = YES;
				CODE_SIGN_ENTITLEMENTS = SuperAwesomeExample.entitlements;
				CODE_SIGN_IDENTITY = "Apple Development";
				"CODE_SIGN_IDENTITY[sdk=iphoneos*]" = "iPhone Developer";
				CODE_SIGN_STYLE = Automatic;
				CURRENT_PROJECT_VERSION = 2;
				DEVELOPMENT_TEAM = DCC9L689QJ;
				INFOPLIST_FILE = SuperAwesome/Info.plist;
				IPHONEOS_DEPLOYMENT_TARGET = 10.0;
				LD_RUNPATH_SEARCH_PATHS = "$(inherited) @executable_path/Frameworks";
				OTHER_LDFLAGS = (
					"$(inherited)",
					"-framework",
					"\"SuperAwesome\"",
				);
				PRODUCT_BUNDLE_IDENTIFIER = tv.superawesome.awesomeads.sdk;
				PRODUCT_NAME = SuperAwesomeExample;
				PROVISIONING_PROFILE_SPECIFIER = "";
				SWIFT_OBJC_BRIDGING_HEADER = "SuperAwesome/SuperAwesome-Bridging-Header.h";
				SWIFT_VERSION = 5.0;
				TARGETED_DEVICE_FAMILY = "1,2";
			};
			name = Release;
		};
		C6142A17254B13EB00CD3DC7 /* Debug */ = {
			isa = XCBuildConfiguration;
			buildSettings = {
				CLANG_ANALYZER_NONNULL = YES;
				CLANG_ANALYZER_NUMBER_OBJECT_CONVERSION = YES_AGGRESSIVE;
				CLANG_CXX_LANGUAGE_STANDARD = "gnu++14";
				CLANG_ENABLE_OBJC_WEAK = YES;
				CLANG_WARN_DOCUMENTATION_COMMENTS = YES;
				CLANG_WARN_QUOTED_INCLUDE_IN_FRAMEWORK_HEADER = YES;
				CLANG_WARN_UNGUARDED_AVAILABILITY = YES_AGGRESSIVE;
				CODE_SIGN_STYLE = Automatic;
				DEVELOPMENT_TEAM = DCC9L689QJ;
				GCC_C_LANGUAGE_STANDARD = gnu11;
				INFOPLIST_FILE = SuperAwesomeExampleUITests/Info.plist;
				IPHONEOS_DEPLOYMENT_TARGET = 14.1;
				LD_RUNPATH_SEARCH_PATHS = "$(inherited) @executable_path/Frameworks @loader_path/Frameworks";
				MTL_ENABLE_DEBUG_INFO = INCLUDE_SOURCE;
				MTL_FAST_MATH = YES;
				PRODUCT_BUNDLE_IDENTIFIER = com.test.SuperAwesomeExampleUITests;
				PRODUCT_NAME = "$(TARGET_NAME)";
				SWIFT_ACTIVE_COMPILATION_CONDITIONS = DEBUG;
				SWIFT_OPTIMIZATION_LEVEL = "-Onone";
				SWIFT_VERSION = 5.0;
				TARGETED_DEVICE_FAMILY = "1,2";
				TEST_TARGET_NAME = SuperAwesomeExample;
			};
			name = Debug;
		};
		C6142A18254B13EB00CD3DC7 /* Release */ = {
			isa = XCBuildConfiguration;
			buildSettings = {
				CLANG_ANALYZER_NONNULL = YES;
				CLANG_ANALYZER_NUMBER_OBJECT_CONVERSION = YES_AGGRESSIVE;
				CLANG_CXX_LANGUAGE_STANDARD = "gnu++14";
				CLANG_ENABLE_OBJC_WEAK = YES;
				CLANG_WARN_DOCUMENTATION_COMMENTS = YES;
				CLANG_WARN_QUOTED_INCLUDE_IN_FRAMEWORK_HEADER = YES;
				CLANG_WARN_UNGUARDED_AVAILABILITY = YES_AGGRESSIVE;
				CODE_SIGN_STYLE = Automatic;
				DEVELOPMENT_TEAM = DCC9L689QJ;
				GCC_C_LANGUAGE_STANDARD = gnu11;
				INFOPLIST_FILE = SuperAwesomeExampleUITests/Info.plist;
				IPHONEOS_DEPLOYMENT_TARGET = 14.1;
				LD_RUNPATH_SEARCH_PATHS = "$(inherited) @executable_path/Frameworks @loader_path/Frameworks";
				MTL_FAST_MATH = YES;
				PRODUCT_BUNDLE_IDENTIFIER = com.test.SuperAwesomeExampleUITests;
				PRODUCT_NAME = "$(TARGET_NAME)";
				SWIFT_OPTIMIZATION_LEVEL = "-O";
				SWIFT_VERSION = 5.0;
				TARGETED_DEVICE_FAMILY = "1,2";
				TEST_TARGET_NAME = SuperAwesomeExample;
			};
			name = Release;
		};
/* End XCBuildConfiguration section */

/* Begin XCConfigurationList section */
		1B76D22E1C91EEB1000AE8F3 /* Build configuration list for PBXProject "SuperAwesomeExample" */ = {
			isa = XCConfigurationList;
			buildConfigurations = (
				1B76D2481C91EEB1000AE8F3 /* Debug */,
				1B76D2491C91EEB1000AE8F3 /* Release */,
			);
			defaultConfigurationIsVisible = 0;
			defaultConfigurationName = Release;
		};
		1B76D24A1C91EEB1000AE8F3 /* Build configuration list for PBXNativeTarget "SuperAwesomeExample" */ = {
			isa = XCConfigurationList;
			buildConfigurations = (
				1B76D24B1C91EEB1000AE8F3 /* Debug */,
				1B76D24C1C91EEB1000AE8F3 /* Release */,
			);
			defaultConfigurationIsVisible = 0;
			defaultConfigurationName = Release;
		};
		C6142A19254B13EB00CD3DC7 /* Build configuration list for PBXNativeTarget "SuperAwesomeExampleUITests" */ = {
			isa = XCConfigurationList;
			buildConfigurations = (
				C6142A17254B13EB00CD3DC7 /* Debug */,
				C6142A18254B13EB00CD3DC7 /* Release */,
			);
			defaultConfigurationIsVisible = 0;
			defaultConfigurationName = Release;
		};
/* End XCConfigurationList section */
	};
	rootObject = 1B76D22B1C91EEB1000AE8F3 /* Project object */;
}
