// !$*UTF8*$!
{
	archiveVersion = 1;
	classes = {
	};
	objectVersion = 46;
	objects = {

/* Begin PBXBuildFile section */
		1B22701823536F8300FA8326 /* TestSAUtils_UIColorFromRGB.m in Sources */ = {isa = PBXBuildFile; fileRef = 1B226F9C23536F8200FA8326 /* TestSAUtils_UIColorFromRGB.m */; };
		1B22701923536F8300FA8326 /* TestSAUtils_GetSystemSize.m in Sources */ = {isa = PBXBuildFile; fileRef = 1B226F9D23536F8200FA8326 /* TestSAUtils_GetSystemSize.m */; };
		1B22701A23536F8300FA8326 /* TestSAUtils_FilePathInDocuments.m in Sources */ = {isa = PBXBuildFile; fileRef = 1B226F9E23536F8200FA8326 /* TestSAUtils_FilePathInDocuments.m */; };
		1B22701B23536F8300FA8326 /* TestSAUtils_EncodeJSONDictionaryFromNSDictionary.m in Sources */ = {isa = PBXBuildFile; fileRef = 1B226F9F23536F8200FA8326 /* TestSAUtils_EncodeJSONDictionaryFromNSDictionary.m */; };
		1B22701C23536F8300FA8326 /* TestSAUtils_RemoveAllButFirst.m in Sources */ = {isa = PBXBuildFile; fileRef = 1B226FA023536F8200FA8326 /* TestSAUtils_RemoveAllButFirst.m */; };
		1B22701D23536F8300FA8326 /* TestSAUtils_GetCachebuster.m in Sources */ = {isa = PBXBuildFile; fileRef = 1B226FA123536F8200FA8326 /* TestSAUtils_GetCachebuster.m */; };
		1B22701E23536F8300FA8326 /* TestSAUtils_IsValidURL.m in Sources */ = {isa = PBXBuildFile; fileRef = 1B226FA223536F8200FA8326 /* TestSAUtils_IsValidURL.m */; };
		1B22701F23536F8300FA8326 /* TestSAUtils_FindSubstring.m in Sources */ = {isa = PBXBuildFile; fileRef = 1B226FA423536F8200FA8326 /* TestSAUtils_FindSubstring.m */; };
		1B22702023536F8300FA8326 /* TestSAUtils_GetVerboseSystemDetails.m in Sources */ = {isa = PBXBuildFile; fileRef = 1B226FA523536F8200FA8326 /* TestSAUtils_GetVerboseSystemDetails.m */; };
		1B22702123536F8300FA8326 /* TestSAUtils_EncodeURI.m in Sources */ = {isa = PBXBuildFile; fileRef = 1B226FA623536F8200FA8326 /* TestSAUtils_EncodeURI.m */; };
		1B22702223536F8300FA8326 /* TestSAUtils_UIColorFromHex.m in Sources */ = {isa = PBXBuildFile; fileRef = 1B226FA723536F8200FA8326 /* TestSAUtils_UIColorFromHex.m */; };
		1B22702323536F8300FA8326 /* TestSAUtils_FormGetQueryFromDict.m in Sources */ = {isa = PBXBuildFile; fileRef = 1B226FA823536F8200FA8326 /* TestSAUtils_FormGetQueryFromDict.m */; };
		1B22702423536F8300FA8326 /* TestSAUtils_GenerateUniqueKey.m in Sources */ = {isa = PBXBuildFile; fileRef = 1B226FA923536F8200FA8326 /* TestSAUtils_GenerateUniqueKey.m */; };
		1B22702623536F8300FA8326 /* TestSAUtils_IsRectInRect.m in Sources */ = {isa = PBXBuildFile; fileRef = 1B226FAB23536F8200FA8326 /* TestSAUtils_IsRectInRect.m */; };
		1B22702723536F8300FA8326 /* MockModel.m in Sources */ = {isa = PBXBuildFile; fileRef = 1B226FAC23536F8200FA8326 /* MockModel.m */; };
		1B22702823536F8300FA8326 /* TestSAUtils_RandomNumberBetween.m in Sources */ = {isa = PBXBuildFile; fileRef = 1B226FAD23536F8200FA8326 /* TestSAUtils_RandomNumberBetween.m */; };
		1B22702923536F8300FA8326 /* TestSAUtils_IsEmailValid.m in Sources */ = {isa = PBXBuildFile; fileRef = 1B226FAE23536F8200FA8326 /* TestSAUtils_IsEmailValid.m */; };
		1B22702A23536F8300FA8326 /* TestSAUtils_MapInto.m in Sources */ = {isa = PBXBuildFile; fileRef = 1B226FAF23536F8200FA8326 /* TestSAUtils_MapInto.m */; };
		1B22702B23536F8300FA8326 /* TestSAUtils_FilterBy.m in Sources */ = {isa = PBXBuildFile; fileRef = 1B226FB023536F8200FA8326 /* TestSAUtils_FilterBy.m */; };
		1B22702C23536F8300FA8326 /* TestSAUtils_FindBaseURLFromResource.m in Sources */ = {isa = PBXBuildFile; fileRef = 1B226FB123536F8200FA8326 /* TestSAUtils_FindBaseURLFromResource.m */; };
		1B22702D23536F8300FA8326 /* TestSAURLEventSetup.m in Sources */ = {isa = PBXBuildFile; fileRef = 1B226FB423536F8200FA8326 /* TestSAURLEventSetup.m */; };
		1B22702E23536F8300FA8326 /* TestSAVASTModule.m in Sources */ = {isa = PBXBuildFile; fileRef = 1B226FB523536F8200FA8326 /* TestSAVASTModule.m */; };
		1B22702F23536F8300FA8326 /* TestSAImpressionEventTrigger.m in Sources */ = {isa = PBXBuildFile; fileRef = 1B226FB623536F8200FA8326 /* TestSAImpressionEventTrigger.m */; };
		1B22703023536F8300FA8326 /* SAModelFactory.m in Sources */ = {isa = PBXBuildFile; fileRef = 1B226FB723536F8200FA8326 /* SAModelFactory.m */; };
		1B22703123536F8300FA8326 /* TestViewableImpressionEventSetup.m in Sources */ = {isa = PBXBuildFile; fileRef = 1B226FB823536F8200FA8326 /* TestViewableImpressionEventSetup.m */; };
		1B22703223536F8300FA8326 /* TestSAClickEventSetup.m in Sources */ = {isa = PBXBuildFile; fileRef = 1B226FB923536F8200FA8326 /* TestSAClickEventSetup.m */; };
		1B22703323536F8300FA8326 /* SAMockEventsServer.m in Sources */ = {isa = PBXBuildFile; fileRef = 1B226FBB23536F8200FA8326 /* SAMockEventsServer.m */; };
		1B22703523536F8300FA8326 /* TestSAClickEventTrigger.m in Sources */ = {isa = PBXBuildFile; fileRef = 1B226FBF23536F8200FA8326 /* TestSAClickEventTrigger.m */; };
		1B22703623536F8300FA8326 /* TestViewableImpressionEventTrigger.m in Sources */ = {isa = PBXBuildFile; fileRef = 1B226FC023536F8200FA8326 /* TestViewableImpressionEventTrigger.m */; };
		1B22703723536F8300FA8326 /* SAMocks.m in Sources */ = {isa = PBXBuildFile; fileRef = 1B226FC123536F8200FA8326 /* SAMocks.m */; };
		1B22703823536F8300FA8326 /* TestMoatModule.m in Sources */ = {isa = PBXBuildFile; fileRef = 1B226FC223536F8200FA8326 /* TestMoatModule.m */; };
		1B22703923536F8300FA8326 /* TestSAServerModule.m in Sources */ = {isa = PBXBuildFile; fileRef = 1B226FC323536F8200FA8326 /* TestSAServerModule.m */; };
		1B22703A23536F8300FA8326 /* TestSAImpressionEventSetup.m in Sources */ = {isa = PBXBuildFile; fileRef = 1B226FC523536F8200FA8326 /* TestSAImpressionEventSetup.m */; };
		1B22703B23536F8300FA8326 /* TestSAURLEventTrigger.m in Sources */ = {isa = PBXBuildFile; fileRef = 1B226FC623536F8200FA8326 /* TestSAURLEventTrigger.m */; };
		1B22703C23536F8300FA8326 /* TestSAServerEventSetup.m in Sources */ = {isa = PBXBuildFile; fileRef = 1B226FC723536F8200FA8326 /* TestSAServerEventSetup.m */; };
		1B22703D23536F8300FA8326 /* MockSession.m in Sources */ = {isa = PBXBuildFile; fileRef = 1B226FC923536F8200FA8326 /* MockSession.m */; };
		1B22703E23536F8300FA8326 /* TestSAProcessHTML.m in Sources */ = {isa = PBXBuildFile; fileRef = 1B226FCD23536F8200FA8326 /* TestSAProcessHTML.m */; };
		1B22703F23536F8300FA8326 /* SAMockAdServer.m in Sources */ = {isa = PBXBuildFile; fileRef = 1B226FD123536F8200FA8326 /* SAMockAdServer.m */; };
		1B22704023536F8300FA8326 /* TestSAAdLoader_GetAwesomeAdsEndpoint.m in Sources */ = {isa = PBXBuildFile; fileRef = 1B226FD223536F8200FA8326 /* TestSAAdLoader_GetAwesomeAdsEndpoint.m */; };
		1B22704223536F8300FA8326 /* TestSAAdLoader_LoadAd.m in Sources */ = {isa = PBXBuildFile; fileRef = 1B226FD423536F8200FA8326 /* TestSAAdLoader_LoadAd.m */; };
		1B22704323536F8300FA8326 /* SAMockSession.m in Sources */ = {isa = PBXBuildFile; fileRef = 1B226FD523536F8200FA8326 /* SAMockSession.m */; };
		1B22704423536F8300FA8326 /* TestSAAdLoader_GetAwesomeAdsHeader.m in Sources */ = {isa = PBXBuildFile; fileRef = 1B226FD623536F8200FA8326 /* TestSAAdLoader_GetAwesomeAdsHeader.m */; };
		1B22704523536F8300FA8326 /* TestSAAdLoader_GetAwesomeAdsQuery.m in Sources */ = {isa = PBXBuildFile; fileRef = 1B226FD723536F8200FA8326 /* TestSAAdLoader_GetAwesomeAdsQuery.m */; };
		1B22704723536F8300FA8326 /* SAResponseFactory.m in Sources */ = {isa = PBXBuildFile; fileRef = 1B226FD923536F8200FA8326 /* SAResponseFactory.m */; };
		1B22704923536F8300FA8326 /* SANetwork_Network_Tests.m in Sources */ = {isa = PBXBuildFile; fileRef = 1B226FDC23536F8200FA8326 /* SANetwork_Network_Tests.m */; };
		1B22704B23536F8300FA8326 /* SANetwork_FileItem_Tests.m in Sources */ = {isa = PBXBuildFile; fileRef = 1B226FDF23536F8300FA8326 /* SANetwork_FileItem_Tests.m */; };
		1B22704C23536F8300FA8326 /* SANetwork_FileDownloader_Tests.m in Sources */ = {isa = PBXBuildFile; fileRef = 1B226FE023536F8300FA8326 /* SANetwork_FileDownloader_Tests.m */; };
		1B22704D23536F8300FA8326 /* SASession_Tests.m in Sources */ = {isa = PBXBuildFile; fileRef = 1B226FE223536F8300FA8326 /* SASession_Tests.m */; };
		1B22704E23536F8300FA8326 /* SAXML_Parser_Tests4.m in Sources */ = {isa = PBXBuildFile; fileRef = 1B226FE423536F8300FA8326 /* SAXML_Parser_Tests4.m */; };
		1B22705023536F8300FA8326 /* SAXML_Parser_Tests7.m in Sources */ = {isa = PBXBuildFile; fileRef = 1B226FE723536F8300FA8326 /* SAXML_Parser_Tests7.m */; };
		1B22705123536F8300FA8326 /* SAMockVASTServer.m in Sources */ = {isa = PBXBuildFile; fileRef = 1B226FE823536F8300FA8326 /* SAMockVASTServer.m */; };
		1B22705223536F8300FA8326 /* SAXML_Parser_Tests3.m in Sources */ = {isa = PBXBuildFile; fileRef = 1B226FE923536F8300FA8326 /* SAXML_Parser_Tests3.m */; };
		1B22705323536F8300FA8326 /* SAXML_Parser_Tests6.m in Sources */ = {isa = PBXBuildFile; fileRef = 1B226FEB23536F8300FA8326 /* SAXML_Parser_Tests6.m */; };
		1B22705423536F8300FA8326 /* SAXML_Parser_Tests2.m in Sources */ = {isa = PBXBuildFile; fileRef = 1B226FEC23536F8300FA8326 /* SAXML_Parser_Tests2.m */; };
		1B22705623536F8300FA8326 /* SAVAST_Parser_Async_Tests.m in Sources */ = {isa = PBXBuildFile; fileRef = 1B226FEE23536F8300FA8326 /* SAVAST_Parser_Async_Tests.m */; };
		1B22705723536F8300FA8326 /* SAVAST_Parser_Local_Tests1.m in Sources */ = {isa = PBXBuildFile; fileRef = 1B226FEF23536F8300FA8326 /* SAVAST_Parser_Local_Tests1.m */; };
		1B22705823536F8300FA8326 /* SAXML_Parser_Tests5.m in Sources */ = {isa = PBXBuildFile; fileRef = 1B226FF023536F8300FA8326 /* SAXML_Parser_Tests5.m */; };
		1B22705923536F8300FA8326 /* SAXML_Parser_Tests1.m in Sources */ = {isa = PBXBuildFile; fileRef = 1B226FF223536F8300FA8326 /* SAXML_Parser_Tests1.m */; };
		1B22705A23536F8300FA8326 /* SAVAST_Parser_Local_Tests2.m in Sources */ = {isa = PBXBuildFile; fileRef = 1B226FF323536F8300FA8326 /* SAVAST_Parser_Local_Tests2.m */; };
		1B22705C23536F8300FA8326 /* SAMockPositionModel.m in Sources */ = {isa = PBXBuildFile; fileRef = 1B226FFA23536F8300FA8326 /* SAMockPositionModel.m */; };
		1B22705D23536F8300FA8326 /* SAMockEmployeeModel.m in Sources */ = {isa = PBXBuildFile; fileRef = 1B226FFB23536F8300FA8326 /* SAMockEmployeeModel.m */; };
		1B22705E23536F8300FA8326 /* SAMockCompanyModel.m in Sources */ = {isa = PBXBuildFile; fileRef = 1B226FFC23536F8300FA8326 /* SAMockCompanyModel.m */; };
		1B22705F23536F8300FA8326 /* TestSAJsonParser_ParseObject.m in Sources */ = {isa = PBXBuildFile; fileRef = 1B226FFD23536F8300FA8326 /* TestSAJsonParser_ParseObject.m */; };
		1B22706023536F8300FA8326 /* TestSAJsonParser_ParseArray.m in Sources */ = {isa = PBXBuildFile; fileRef = 1B226FFE23536F8300FA8326 /* TestSAJsonParser_ParseArray.m */; };
		1B22706123536F8300FA8326 /* TestSAJsonParser_WriteDictionary.m in Sources */ = {isa = PBXBuildFile; fileRef = 1B226FFF23536F8300FA8326 /* TestSAJsonParser_WriteDictionary.m */; };
		1B22706223536F8300FA8326 /* TestSAJsonParser_WriteArray.m in Sources */ = {isa = PBXBuildFile; fileRef = 1B22700023536F8300FA8326 /* TestSAJsonParser_WriteArray.m */; };
		1B22706323536F8300FA8326 /* TestSAJsonParser_WriteObject.m in Sources */ = {isa = PBXBuildFile; fileRef = 1B22700123536F8300FA8326 /* TestSAJsonParser_WriteObject.m */; };
		1B22706423536F8300FA8326 /* TestSAJsonParser_ParseDictionary.m in Sources */ = {isa = PBXBuildFile; fileRef = 1B22700223536F8300FA8326 /* TestSAJsonParser_ParseDictionary.m */; };
		1B22706523536F8300FA8326 /* TestSAAd_4.m in Sources */ = {isa = PBXBuildFile; fileRef = 1B22700423536F8300FA8326 /* TestSAAd_4.m */; };
		1B22706723536F8300FA8326 /* TestSAAd_3.m in Sources */ = {isa = PBXBuildFile; fileRef = 1B22700723536F8300FA8326 /* TestSAAd_3.m */; };
		1B22706823536F8300FA8326 /* TestSAAd_7.m in Sources */ = {isa = PBXBuildFile; fileRef = 1B22700823536F8300FA8326 /* TestSAAd_7.m */; };
		1B22706923536F8300FA8326 /* TestSAAd_2.m in Sources */ = {isa = PBXBuildFile; fileRef = 1B22700923536F8300FA8326 /* TestSAAd_2.m */; };
		1B22706A23536F8300FA8326 /* TestSAAd_8.m in Sources */ = {isa = PBXBuildFile; fileRef = 1B22700A23536F8300FA8326 /* TestSAAd_8.m */; };
		1B22706B23536F8300FA8326 /* TestSAAd_6.m in Sources */ = {isa = PBXBuildFile; fileRef = 1B22700B23536F8300FA8326 /* TestSAAd_6.m */; };
		1B22706D23536F8300FA8326 /* TestSAVAST_2.m in Sources */ = {isa = PBXBuildFile; fileRef = 1B22700D23536F8300FA8326 /* TestSAVAST_2.m */; };
		1B22706E23536F8300FA8326 /* TestSAAd_1.m in Sources */ = {isa = PBXBuildFile; fileRef = 1B22700E23536F8300FA8326 /* TestSAAd_1.m */; };
		1B22706F23536F8300FA8326 /* TestSAAd_5.m in Sources */ = {isa = PBXBuildFile; fileRef = 1B22700F23536F8300FA8326 /* TestSAAd_5.m */; };
		1B22707023536F8300FA8326 /* TestSAVAST_1.m in Sources */ = {isa = PBXBuildFile; fileRef = 1B22701023536F8300FA8326 /* TestSAVAST_1.m */; };
		1B22707123536F8300FA8326 /* GetIsMinor+RequestTests.swift in Sources */ = {isa = PBXBuildFile; fileRef = 1B22701323536F8300FA8326 /* GetIsMinor+RequestTests.swift */; };
		1B22707223536F8300FA8326 /* TestsUtils.swift in Sources */ = {isa = PBXBuildFile; fileRef = 1B22701423536F8300FA8326 /* TestsUtils.swift */; };
		1B22707323536F8300FA8326 /* GetIsMinorModel+Mapping.swift in Sources */ = {isa = PBXBuildFile; fileRef = 1B22701523536F8300FA8326 /* GetIsMinorModel+Mapping.swift */; };
		1B76D2381C91EEB1000AE8F3 /* main.m in Sources */ = {isa = PBXBuildFile; fileRef = 1B76D2371C91EEB1000AE8F3 /* main.m */; };
		1B76D23B1C91EEB1000AE8F3 /* AppDelegate.m in Sources */ = {isa = PBXBuildFile; fileRef = 1B76D23A1C91EEB1000AE8F3 /* AppDelegate.m */; };
		1B76D23E1C91EEB1000AE8F3 /* ViewController.m in Sources */ = {isa = PBXBuildFile; fileRef = 1B76D23D1C91EEB1000AE8F3 /* ViewController.m */; };
		1B76D2411C91EEB1000AE8F3 /* Main.storyboard in Resources */ = {isa = PBXBuildFile; fileRef = 1B76D23F1C91EEB1000AE8F3 /* Main.storyboard */; };
		1B76D2431C91EEB1000AE8F3 /* Assets.xcassets in Resources */ = {isa = PBXBuildFile; fileRef = 1B76D2421C91EEB1000AE8F3 /* Assets.xcassets */; };
		1B76D2461C91EEB1000AE8F3 /* LaunchScreen.storyboard in Resources */ = {isa = PBXBuildFile; fileRef = 1B76D2441C91EEB1000AE8F3 /* LaunchScreen.storyboard */; };
		1BA72AC124365236003A31C5 /* fixtures_tests.bundle in Resources */ = {isa = PBXBuildFile; fileRef = 1BA72AC024365236003A31C5 /* fixtures_tests.bundle */; };
		21528C928B7BFDA0D29213BE /* Pods_Tests.framework in Frameworks */ = {isa = PBXBuildFile; fileRef = A01EA0D5528DC347839D3C89 /* Pods_Tests.framework */; };
		A7EFC8DE3E1F552F65AEDB94 /* Pods_SuperAwesomeExample.framework in Frameworks */ = {isa = PBXBuildFile; fileRef = 46665EBC142A783963BB4282 /* Pods_SuperAwesomeExample.framework */; };
		C647364224CF4A130093342F /* TestSAUtils_MonthYearStringFromDate.m in Sources */ = {isa = PBXBuildFile; fileRef = C647364124CF4A130093342F /* TestSAUtils_MonthYearStringFromDate.m */; };
		C64CAD28249CC5AB00788A7F /* MoPubViewController.swift in Sources */ = {isa = PBXBuildFile; fileRef = C64CAD27249CC5AB00788A7F /* MoPubViewController.swift */; };
		C6535602245239270043115E /* HealthKit.framework in Frameworks */ = {isa = PBXBuildFile; fileRef = C6535601245239270043115E /* HealthKit.framework */; };
		C668A6F9243656E200C18228 /* SATestUtils.m in Sources */ = {isa = PBXBuildFile; fileRef = C668A6F8243656E200C18228 /* SATestUtils.m */; };
/* End PBXBuildFile section */

/* Begin PBXContainerItemProxy section */
		1B0D26D11CF7186F00619C9C /* PBXContainerItemProxy */ = {
			isa = PBXContainerItemProxy;
			containerPortal = 1B76D22B1C91EEB1000AE8F3 /* Project object */;
			proxyType = 1;
			remoteGlobalIDString = 1B76D2321C91EEB1000AE8F3;
			remoteInfo = SuperAwesome;
		};
/* End PBXContainerItemProxy section */

/* Begin PBXFileReference section */
		1B0D26CC1CF7186F00619C9C /* Tests.xctest */ = {isa = PBXFileReference; explicitFileType = wrapper.cfbundle; includeInIndex = 0; path = Tests.xctest; sourceTree = BUILT_PRODUCTS_DIR; };
		1B0D26D01CF7186F00619C9C /* Info.plist */ = {isa = PBXFileReference; lastKnownFileType = text.plist.xml; path = Info.plist; sourceTree = "<group>"; };
		1B226F9C23536F8200FA8326 /* TestSAUtils_UIColorFromRGB.m */ = {isa = PBXFileReference; fileEncoding = 4; lastKnownFileType = sourcecode.c.objc; path = TestSAUtils_UIColorFromRGB.m; sourceTree = "<group>"; };
		1B226F9D23536F8200FA8326 /* TestSAUtils_GetSystemSize.m */ = {isa = PBXFileReference; fileEncoding = 4; lastKnownFileType = sourcecode.c.objc; path = TestSAUtils_GetSystemSize.m; sourceTree = "<group>"; };
		1B226F9E23536F8200FA8326 /* TestSAUtils_FilePathInDocuments.m */ = {isa = PBXFileReference; fileEncoding = 4; lastKnownFileType = sourcecode.c.objc; path = TestSAUtils_FilePathInDocuments.m; sourceTree = "<group>"; };
		1B226F9F23536F8200FA8326 /* TestSAUtils_EncodeJSONDictionaryFromNSDictionary.m */ = {isa = PBXFileReference; fileEncoding = 4; lastKnownFileType = sourcecode.c.objc; path = TestSAUtils_EncodeJSONDictionaryFromNSDictionary.m; sourceTree = "<group>"; };
		1B226FA023536F8200FA8326 /* TestSAUtils_RemoveAllButFirst.m */ = {isa = PBXFileReference; fileEncoding = 4; lastKnownFileType = sourcecode.c.objc; path = TestSAUtils_RemoveAllButFirst.m; sourceTree = "<group>"; };
		1B226FA123536F8200FA8326 /* TestSAUtils_GetCachebuster.m */ = {isa = PBXFileReference; fileEncoding = 4; lastKnownFileType = sourcecode.c.objc; path = TestSAUtils_GetCachebuster.m; sourceTree = "<group>"; };
		1B226FA223536F8200FA8326 /* TestSAUtils_IsValidURL.m */ = {isa = PBXFileReference; fileEncoding = 4; lastKnownFileType = sourcecode.c.objc; path = TestSAUtils_IsValidURL.m; sourceTree = "<group>"; };
		1B226FA323536F8200FA8326 /* MockModel.h */ = {isa = PBXFileReference; fileEncoding = 4; lastKnownFileType = sourcecode.c.h; path = MockModel.h; sourceTree = "<group>"; };
		1B226FA423536F8200FA8326 /* TestSAUtils_FindSubstring.m */ = {isa = PBXFileReference; fileEncoding = 4; lastKnownFileType = sourcecode.c.objc; path = TestSAUtils_FindSubstring.m; sourceTree = "<group>"; };
		1B226FA523536F8200FA8326 /* TestSAUtils_GetVerboseSystemDetails.m */ = {isa = PBXFileReference; fileEncoding = 4; lastKnownFileType = sourcecode.c.objc; path = TestSAUtils_GetVerboseSystemDetails.m; sourceTree = "<group>"; };
		1B226FA623536F8200FA8326 /* TestSAUtils_EncodeURI.m */ = {isa = PBXFileReference; fileEncoding = 4; lastKnownFileType = sourcecode.c.objc; path = TestSAUtils_EncodeURI.m; sourceTree = "<group>"; };
		1B226FA723536F8200FA8326 /* TestSAUtils_UIColorFromHex.m */ = {isa = PBXFileReference; fileEncoding = 4; lastKnownFileType = sourcecode.c.objc; path = TestSAUtils_UIColorFromHex.m; sourceTree = "<group>"; };
		1B226FA823536F8200FA8326 /* TestSAUtils_FormGetQueryFromDict.m */ = {isa = PBXFileReference; fileEncoding = 4; lastKnownFileType = sourcecode.c.objc; path = TestSAUtils_FormGetQueryFromDict.m; sourceTree = "<group>"; };
		1B226FA923536F8200FA8326 /* TestSAUtils_GenerateUniqueKey.m */ = {isa = PBXFileReference; fileEncoding = 4; lastKnownFileType = sourcecode.c.objc; path = TestSAUtils_GenerateUniqueKey.m; sourceTree = "<group>"; };
		1B226FAB23536F8200FA8326 /* TestSAUtils_IsRectInRect.m */ = {isa = PBXFileReference; fileEncoding = 4; lastKnownFileType = sourcecode.c.objc; path = TestSAUtils_IsRectInRect.m; sourceTree = "<group>"; };
		1B226FAC23536F8200FA8326 /* MockModel.m */ = {isa = PBXFileReference; fileEncoding = 4; lastKnownFileType = sourcecode.c.objc; path = MockModel.m; sourceTree = "<group>"; };
		1B226FAD23536F8200FA8326 /* TestSAUtils_RandomNumberBetween.m */ = {isa = PBXFileReference; fileEncoding = 4; lastKnownFileType = sourcecode.c.objc; path = TestSAUtils_RandomNumberBetween.m; sourceTree = "<group>"; };
		1B226FAE23536F8200FA8326 /* TestSAUtils_IsEmailValid.m */ = {isa = PBXFileReference; fileEncoding = 4; lastKnownFileType = sourcecode.c.objc; path = TestSAUtils_IsEmailValid.m; sourceTree = "<group>"; };
		1B226FAF23536F8200FA8326 /* TestSAUtils_MapInto.m */ = {isa = PBXFileReference; fileEncoding = 4; lastKnownFileType = sourcecode.c.objc; path = TestSAUtils_MapInto.m; sourceTree = "<group>"; };
		1B226FB023536F8200FA8326 /* TestSAUtils_FilterBy.m */ = {isa = PBXFileReference; fileEncoding = 4; lastKnownFileType = sourcecode.c.objc; path = TestSAUtils_FilterBy.m; sourceTree = "<group>"; };
		1B226FB123536F8200FA8326 /* TestSAUtils_FindBaseURLFromResource.m */ = {isa = PBXFileReference; fileEncoding = 4; lastKnownFileType = sourcecode.c.objc; path = TestSAUtils_FindBaseURLFromResource.m; sourceTree = "<group>"; };
		1B226FB323536F8200FA8326 /* SAMocks.h */ = {isa = PBXFileReference; fileEncoding = 4; lastKnownFileType = sourcecode.c.h; path = SAMocks.h; sourceTree = "<group>"; };
		1B226FB423536F8200FA8326 /* TestSAURLEventSetup.m */ = {isa = PBXFileReference; fileEncoding = 4; lastKnownFileType = sourcecode.c.objc; path = TestSAURLEventSetup.m; sourceTree = "<group>"; };
		1B226FB523536F8200FA8326 /* TestSAVASTModule.m */ = {isa = PBXFileReference; fileEncoding = 4; lastKnownFileType = sourcecode.c.objc; path = TestSAVASTModule.m; sourceTree = "<group>"; };
		1B226FB623536F8200FA8326 /* TestSAImpressionEventTrigger.m */ = {isa = PBXFileReference; fileEncoding = 4; lastKnownFileType = sourcecode.c.objc; path = TestSAImpressionEventTrigger.m; sourceTree = "<group>"; };
		1B226FB723536F8200FA8326 /* SAModelFactory.m */ = {isa = PBXFileReference; fileEncoding = 4; lastKnownFileType = sourcecode.c.objc; path = SAModelFactory.m; sourceTree = "<group>"; };
		1B226FB823536F8200FA8326 /* TestViewableImpressionEventSetup.m */ = {isa = PBXFileReference; fileEncoding = 4; lastKnownFileType = sourcecode.c.objc; path = TestViewableImpressionEventSetup.m; sourceTree = "<group>"; };
		1B226FB923536F8200FA8326 /* TestSAClickEventSetup.m */ = {isa = PBXFileReference; fileEncoding = 4; lastKnownFileType = sourcecode.c.objc; path = TestSAClickEventSetup.m; sourceTree = "<group>"; };
		1B226FBB23536F8200FA8326 /* SAMockEventsServer.m */ = {isa = PBXFileReference; fileEncoding = 4; lastKnownFileType = sourcecode.c.objc; path = SAMockEventsServer.m; sourceTree = "<group>"; };
		1B226FBD23536F8200FA8326 /* SAMockEventsServer.h */ = {isa = PBXFileReference; fileEncoding = 4; lastKnownFileType = sourcecode.c.h; path = SAMockEventsServer.h; sourceTree = "<group>"; };
		1B226FBF23536F8200FA8326 /* TestSAClickEventTrigger.m */ = {isa = PBXFileReference; fileEncoding = 4; lastKnownFileType = sourcecode.c.objc; path = TestSAClickEventTrigger.m; sourceTree = "<group>"; };
		1B226FC023536F8200FA8326 /* TestViewableImpressionEventTrigger.m */ = {isa = PBXFileReference; fileEncoding = 4; lastKnownFileType = sourcecode.c.objc; path = TestViewableImpressionEventTrigger.m; sourceTree = "<group>"; };
		1B226FC123536F8200FA8326 /* SAMocks.m */ = {isa = PBXFileReference; fileEncoding = 4; lastKnownFileType = sourcecode.c.objc; path = SAMocks.m; sourceTree = "<group>"; };
		1B226FC223536F8200FA8326 /* TestMoatModule.m */ = {isa = PBXFileReference; fileEncoding = 4; lastKnownFileType = sourcecode.c.objc; path = TestMoatModule.m; sourceTree = "<group>"; };
		1B226FC323536F8200FA8326 /* TestSAServerModule.m */ = {isa = PBXFileReference; fileEncoding = 4; lastKnownFileType = sourcecode.c.objc; path = TestSAServerModule.m; sourceTree = "<group>"; };
		1B226FC423536F8200FA8326 /* SAModelFactory.h */ = {isa = PBXFileReference; fileEncoding = 4; lastKnownFileType = sourcecode.c.h; path = SAModelFactory.h; sourceTree = "<group>"; };
		1B226FC523536F8200FA8326 /* TestSAImpressionEventSetup.m */ = {isa = PBXFileReference; fileEncoding = 4; lastKnownFileType = sourcecode.c.objc; path = TestSAImpressionEventSetup.m; sourceTree = "<group>"; };
		1B226FC623536F8200FA8326 /* TestSAURLEventTrigger.m */ = {isa = PBXFileReference; fileEncoding = 4; lastKnownFileType = sourcecode.c.objc; path = TestSAURLEventTrigger.m; sourceTree = "<group>"; };
		1B226FC723536F8200FA8326 /* TestSAServerEventSetup.m */ = {isa = PBXFileReference; fileEncoding = 4; lastKnownFileType = sourcecode.c.objc; path = TestSAServerEventSetup.m; sourceTree = "<group>"; };
		1B226FC923536F8200FA8326 /* MockSession.m */ = {isa = PBXFileReference; fileEncoding = 4; lastKnownFileType = sourcecode.c.objc; path = MockSession.m; sourceTree = "<group>"; };
		1B226FCA23536F8200FA8326 /* MockSession.h */ = {isa = PBXFileReference; fileEncoding = 4; lastKnownFileType = sourcecode.c.h; path = MockSession.h; sourceTree = "<group>"; };
		1B226FCC23536F8200FA8326 /* SAMockAdServer.h */ = {isa = PBXFileReference; fileEncoding = 4; lastKnownFileType = sourcecode.c.h; path = SAMockAdServer.h; sourceTree = "<group>"; };
		1B226FCD23536F8200FA8326 /* TestSAProcessHTML.m */ = {isa = PBXFileReference; fileEncoding = 4; lastKnownFileType = sourcecode.c.objc; path = TestSAProcessHTML.m; sourceTree = "<group>"; };
		1B226FCE23536F8200FA8326 /* SAMockSession.h */ = {isa = PBXFileReference; fileEncoding = 4; lastKnownFileType = sourcecode.c.h; path = SAMockSession.h; sourceTree = "<group>"; };
		1B226FD023536F8200FA8326 /* SAResponseFactory.h */ = {isa = PBXFileReference; fileEncoding = 4; lastKnownFileType = sourcecode.c.h; path = SAResponseFactory.h; sourceTree = "<group>"; };
		1B226FD123536F8200FA8326 /* SAMockAdServer.m */ = {isa = PBXFileReference; fileEncoding = 4; lastKnownFileType = sourcecode.c.objc; path = SAMockAdServer.m; sourceTree = "<group>"; };
		1B226FD223536F8200FA8326 /* TestSAAdLoader_GetAwesomeAdsEndpoint.m */ = {isa = PBXFileReference; fileEncoding = 4; lastKnownFileType = sourcecode.c.objc; path = TestSAAdLoader_GetAwesomeAdsEndpoint.m; sourceTree = "<group>"; };
		1B226FD423536F8200FA8326 /* TestSAAdLoader_LoadAd.m */ = {isa = PBXFileReference; fileEncoding = 4; lastKnownFileType = sourcecode.c.objc; path = TestSAAdLoader_LoadAd.m; sourceTree = "<group>"; };
		1B226FD523536F8200FA8326 /* SAMockSession.m */ = {isa = PBXFileReference; fileEncoding = 4; lastKnownFileType = sourcecode.c.objc; path = SAMockSession.m; sourceTree = "<group>"; };
		1B226FD623536F8200FA8326 /* TestSAAdLoader_GetAwesomeAdsHeader.m */ = {isa = PBXFileReference; fileEncoding = 4; lastKnownFileType = sourcecode.c.objc; path = TestSAAdLoader_GetAwesomeAdsHeader.m; sourceTree = "<group>"; };
		1B226FD723536F8200FA8326 /* TestSAAdLoader_GetAwesomeAdsQuery.m */ = {isa = PBXFileReference; fileEncoding = 4; lastKnownFileType = sourcecode.c.objc; path = TestSAAdLoader_GetAwesomeAdsQuery.m; sourceTree = "<group>"; };
		1B226FD923536F8200FA8326 /* SAResponseFactory.m */ = {isa = PBXFileReference; fileEncoding = 4; lastKnownFileType = sourcecode.c.objc; path = SAResponseFactory.m; sourceTree = "<group>"; };
		1B226FDC23536F8200FA8326 /* SANetwork_Network_Tests.m */ = {isa = PBXFileReference; fileEncoding = 4; lastKnownFileType = sourcecode.c.objc; path = SANetwork_Network_Tests.m; sourceTree = "<group>"; };
		1B226FDF23536F8300FA8326 /* SANetwork_FileItem_Tests.m */ = {isa = PBXFileReference; fileEncoding = 4; lastKnownFileType = sourcecode.c.objc; path = SANetwork_FileItem_Tests.m; sourceTree = "<group>"; };
		1B226FE023536F8300FA8326 /* SANetwork_FileDownloader_Tests.m */ = {isa = PBXFileReference; fileEncoding = 4; lastKnownFileType = sourcecode.c.objc; path = SANetwork_FileDownloader_Tests.m; sourceTree = "<group>"; };
		1B226FE223536F8300FA8326 /* SASession_Tests.m */ = {isa = PBXFileReference; fileEncoding = 4; lastKnownFileType = sourcecode.c.objc; path = SASession_Tests.m; sourceTree = "<group>"; };
		1B226FE423536F8300FA8326 /* SAXML_Parser_Tests4.m */ = {isa = PBXFileReference; fileEncoding = 4; lastKnownFileType = sourcecode.c.objc; path = SAXML_Parser_Tests4.m; sourceTree = "<group>"; };
		1B226FE723536F8300FA8326 /* SAXML_Parser_Tests7.m */ = {isa = PBXFileReference; fileEncoding = 4; lastKnownFileType = sourcecode.c.objc; path = SAXML_Parser_Tests7.m; sourceTree = "<group>"; };
		1B226FE823536F8300FA8326 /* SAMockVASTServer.m */ = {isa = PBXFileReference; fileEncoding = 4; lastKnownFileType = sourcecode.c.objc; path = SAMockVASTServer.m; sourceTree = "<group>"; };
		1B226FE923536F8300FA8326 /* SAXML_Parser_Tests3.m */ = {isa = PBXFileReference; fileEncoding = 4; lastKnownFileType = sourcecode.c.objc; path = SAXML_Parser_Tests3.m; sourceTree = "<group>"; };
		1B226FEB23536F8300FA8326 /* SAXML_Parser_Tests6.m */ = {isa = PBXFileReference; fileEncoding = 4; lastKnownFileType = sourcecode.c.objc; path = SAXML_Parser_Tests6.m; sourceTree = "<group>"; };
		1B226FEC23536F8300FA8326 /* SAXML_Parser_Tests2.m */ = {isa = PBXFileReference; fileEncoding = 4; lastKnownFileType = sourcecode.c.objc; path = SAXML_Parser_Tests2.m; sourceTree = "<group>"; };
		1B226FEE23536F8300FA8326 /* SAVAST_Parser_Async_Tests.m */ = {isa = PBXFileReference; fileEncoding = 4; lastKnownFileType = sourcecode.c.objc; path = SAVAST_Parser_Async_Tests.m; sourceTree = "<group>"; };
		1B226FEF23536F8300FA8326 /* SAVAST_Parser_Local_Tests1.m */ = {isa = PBXFileReference; fileEncoding = 4; lastKnownFileType = sourcecode.c.objc; path = SAVAST_Parser_Local_Tests1.m; sourceTree = "<group>"; };
		1B226FF023536F8300FA8326 /* SAXML_Parser_Tests5.m */ = {isa = PBXFileReference; fileEncoding = 4; lastKnownFileType = sourcecode.c.objc; path = SAXML_Parser_Tests5.m; sourceTree = "<group>"; };
		1B226FF123536F8300FA8326 /* SAMockVASTServer.h */ = {isa = PBXFileReference; fileEncoding = 4; lastKnownFileType = sourcecode.c.h; path = SAMockVASTServer.h; sourceTree = "<group>"; };
		1B226FF223536F8300FA8326 /* SAXML_Parser_Tests1.m */ = {isa = PBXFileReference; fileEncoding = 4; lastKnownFileType = sourcecode.c.objc; path = SAXML_Parser_Tests1.m; sourceTree = "<group>"; };
		1B226FF323536F8300FA8326 /* SAVAST_Parser_Local_Tests2.m */ = {isa = PBXFileReference; fileEncoding = 4; lastKnownFileType = sourcecode.c.objc; path = SAVAST_Parser_Local_Tests2.m; sourceTree = "<group>"; };
		1B226FF723536F8300FA8326 /* SAMockEmployeeModel.h */ = {isa = PBXFileReference; fileEncoding = 4; lastKnownFileType = sourcecode.c.h; path = SAMockEmployeeModel.h; sourceTree = "<group>"; };
		1B226FF823536F8300FA8326 /* SAMockPositionModel.h */ = {isa = PBXFileReference; fileEncoding = 4; lastKnownFileType = sourcecode.c.h; path = SAMockPositionModel.h; sourceTree = "<group>"; };
		1B226FF923536F8300FA8326 /* SAMockCompanyModel.h */ = {isa = PBXFileReference; fileEncoding = 4; lastKnownFileType = sourcecode.c.h; path = SAMockCompanyModel.h; sourceTree = "<group>"; };
		1B226FFA23536F8300FA8326 /* SAMockPositionModel.m */ = {isa = PBXFileReference; fileEncoding = 4; lastKnownFileType = sourcecode.c.objc; path = SAMockPositionModel.m; sourceTree = "<group>"; };
		1B226FFB23536F8300FA8326 /* SAMockEmployeeModel.m */ = {isa = PBXFileReference; fileEncoding = 4; lastKnownFileType = sourcecode.c.objc; path = SAMockEmployeeModel.m; sourceTree = "<group>"; };
		1B226FFC23536F8300FA8326 /* SAMockCompanyModel.m */ = {isa = PBXFileReference; fileEncoding = 4; lastKnownFileType = sourcecode.c.objc; path = SAMockCompanyModel.m; sourceTree = "<group>"; };
		1B226FFD23536F8300FA8326 /* TestSAJsonParser_ParseObject.m */ = {isa = PBXFileReference; fileEncoding = 4; lastKnownFileType = sourcecode.c.objc; path = TestSAJsonParser_ParseObject.m; sourceTree = "<group>"; };
		1B226FFE23536F8300FA8326 /* TestSAJsonParser_ParseArray.m */ = {isa = PBXFileReference; fileEncoding = 4; lastKnownFileType = sourcecode.c.objc; path = TestSAJsonParser_ParseArray.m; sourceTree = "<group>"; };
		1B226FFF23536F8300FA8326 /* TestSAJsonParser_WriteDictionary.m */ = {isa = PBXFileReference; fileEncoding = 4; lastKnownFileType = sourcecode.c.objc; path = TestSAJsonParser_WriteDictionary.m; sourceTree = "<group>"; };
		1B22700023536F8300FA8326 /* TestSAJsonParser_WriteArray.m */ = {isa = PBXFileReference; fileEncoding = 4; lastKnownFileType = sourcecode.c.objc; path = TestSAJsonParser_WriteArray.m; sourceTree = "<group>"; };
		1B22700123536F8300FA8326 /* TestSAJsonParser_WriteObject.m */ = {isa = PBXFileReference; fileEncoding = 4; lastKnownFileType = sourcecode.c.objc; path = TestSAJsonParser_WriteObject.m; sourceTree = "<group>"; };
		1B22700223536F8300FA8326 /* TestSAJsonParser_ParseDictionary.m */ = {isa = PBXFileReference; fileEncoding = 4; lastKnownFileType = sourcecode.c.objc; path = TestSAJsonParser_ParseDictionary.m; sourceTree = "<group>"; };
		1B22700423536F8300FA8326 /* TestSAAd_4.m */ = {isa = PBXFileReference; fileEncoding = 4; lastKnownFileType = sourcecode.c.objc; path = TestSAAd_4.m; sourceTree = "<group>"; };
		1B22700723536F8300FA8326 /* TestSAAd_3.m */ = {isa = PBXFileReference; fileEncoding = 4; lastKnownFileType = sourcecode.c.objc; path = TestSAAd_3.m; sourceTree = "<group>"; };
		1B22700823536F8300FA8326 /* TestSAAd_7.m */ = {isa = PBXFileReference; fileEncoding = 4; lastKnownFileType = sourcecode.c.objc; path = TestSAAd_7.m; sourceTree = "<group>"; };
		1B22700923536F8300FA8326 /* TestSAAd_2.m */ = {isa = PBXFileReference; fileEncoding = 4; lastKnownFileType = sourcecode.c.objc; path = TestSAAd_2.m; sourceTree = "<group>"; };
		1B22700A23536F8300FA8326 /* TestSAAd_8.m */ = {isa = PBXFileReference; fileEncoding = 4; lastKnownFileType = sourcecode.c.objc; path = TestSAAd_8.m; sourceTree = "<group>"; };
		1B22700B23536F8300FA8326 /* TestSAAd_6.m */ = {isa = PBXFileReference; fileEncoding = 4; lastKnownFileType = sourcecode.c.objc; path = TestSAAd_6.m; sourceTree = "<group>"; };
		1B22700D23536F8300FA8326 /* TestSAVAST_2.m */ = {isa = PBXFileReference; fileEncoding = 4; lastKnownFileType = sourcecode.c.objc; path = TestSAVAST_2.m; sourceTree = "<group>"; };
		1B22700E23536F8300FA8326 /* TestSAAd_1.m */ = {isa = PBXFileReference; fileEncoding = 4; lastKnownFileType = sourcecode.c.objc; path = TestSAAd_1.m; sourceTree = "<group>"; };
		1B22700F23536F8300FA8326 /* TestSAAd_5.m */ = {isa = PBXFileReference; fileEncoding = 4; lastKnownFileType = sourcecode.c.objc; path = TestSAAd_5.m; sourceTree = "<group>"; };
		1B22701023536F8300FA8326 /* TestSAVAST_1.m */ = {isa = PBXFileReference; fileEncoding = 4; lastKnownFileType = sourcecode.c.objc; path = TestSAVAST_1.m; sourceTree = "<group>"; };
		1B22701223536F8300FA8326 /* SAGDPRKisMinor_Tests-Bridging-Header.h */ = {isa = PBXFileReference; fileEncoding = 4; lastKnownFileType = sourcecode.c.h; path = "SAGDPRKisMinor_Tests-Bridging-Header.h"; sourceTree = "<group>"; };
		1B22701323536F8300FA8326 /* GetIsMinor+RequestTests.swift */ = {isa = PBXFileReference; fileEncoding = 4; lastKnownFileType = sourcecode.swift; path = "GetIsMinor+RequestTests.swift"; sourceTree = "<group>"; };
		1B22701423536F8300FA8326 /* TestsUtils.swift */ = {isa = PBXFileReference; fileEncoding = 4; lastKnownFileType = sourcecode.swift; path = TestsUtils.swift; sourceTree = "<group>"; };
		1B22701523536F8300FA8326 /* GetIsMinorModel+Mapping.swift */ = {isa = PBXFileReference; fileEncoding = 4; lastKnownFileType = sourcecode.swift; path = "GetIsMinorModel+Mapping.swift"; sourceTree = "<group>"; };
		1B76D2331C91EEB1000AE8F3 /* SuperAwesomeExample.app */ = {isa = PBXFileReference; explicitFileType = wrapper.application; includeInIndex = 0; path = SuperAwesomeExample.app; sourceTree = BUILT_PRODUCTS_DIR; };
		1B76D2371C91EEB1000AE8F3 /* main.m */ = {isa = PBXFileReference; lastKnownFileType = sourcecode.c.objc; path = main.m; sourceTree = "<group>"; };
		1B76D2391C91EEB1000AE8F3 /* AppDelegate.h */ = {isa = PBXFileReference; lastKnownFileType = sourcecode.c.h; path = AppDelegate.h; sourceTree = "<group>"; };
		1B76D23A1C91EEB1000AE8F3 /* AppDelegate.m */ = {isa = PBXFileReference; lastKnownFileType = sourcecode.c.objc; path = AppDelegate.m; sourceTree = "<group>"; };
		1B76D23C1C91EEB1000AE8F3 /* ViewController.h */ = {isa = PBXFileReference; lastKnownFileType = sourcecode.c.h; path = ViewController.h; sourceTree = "<group>"; };
		1B76D23D1C91EEB1000AE8F3 /* ViewController.m */ = {isa = PBXFileReference; lastKnownFileType = sourcecode.c.objc; path = ViewController.m; sourceTree = "<group>"; };
		1B76D2401C91EEB1000AE8F3 /* Base */ = {isa = PBXFileReference; lastKnownFileType = file.storyboard; name = Base; path = Base.lproj/Main.storyboard; sourceTree = "<group>"; };
		1B76D2421C91EEB1000AE8F3 /* Assets.xcassets */ = {isa = PBXFileReference; lastKnownFileType = folder.assetcatalog; path = Assets.xcassets; sourceTree = "<group>"; };
		1B76D2451C91EEB1000AE8F3 /* Base */ = {isa = PBXFileReference; lastKnownFileType = file.storyboard; name = Base; path = Base.lproj/LaunchScreen.storyboard; sourceTree = "<group>"; };
		1B76D2471C91EEB1000AE8F3 /* Info.plist */ = {isa = PBXFileReference; lastKnownFileType = text.plist.xml; path = Info.plist; sourceTree = "<group>"; };
		1BA72AC024365236003A31C5 /* fixtures_tests.bundle */ = {isa = PBXFileReference; lastKnownFileType = "wrapper.plug-in"; path = fixtures_tests.bundle; sourceTree = "<group>"; };
		1BFE15E422A00DE500C500C0 /* SuperAwesome-Bridging-Header.h */ = {isa = PBXFileReference; lastKnownFileType = sourcecode.c.h; path = "SuperAwesome-Bridging-Header.h"; sourceTree = "<group>"; };
		2294CA59892B5A87435606EE /* Pods-SuperAwesome.release.xcconfig */ = {isa = PBXFileReference; includeInIndex = 1; lastKnownFileType = text.xcconfig; name = "Pods-SuperAwesome.release.xcconfig"; path = "Target Support Files/Pods-SuperAwesome/Pods-SuperAwesome.release.xcconfig"; sourceTree = "<group>"; };
		235DC26E667FEA43E2153B95 /* Pods-MoyaUnitTests.release.xcconfig */ = {isa = PBXFileReference; includeInIndex = 1; lastKnownFileType = text.xcconfig; name = "Pods-MoyaUnitTests.release.xcconfig"; path = "Target Support Files/Pods-MoyaUnitTests/Pods-MoyaUnitTests.release.xcconfig"; sourceTree = "<group>"; };
		46665EBC142A783963BB4282 /* Pods_SuperAwesomeExample.framework */ = {isa = PBXFileReference; explicitFileType = wrapper.framework; includeInIndex = 0; path = Pods_SuperAwesomeExample.framework; sourceTree = BUILT_PRODUCTS_DIR; };
		497D5AC68B2B27DFFAACACA7 /* Pods-SuperAwesome.debug.xcconfig */ = {isa = PBXFileReference; includeInIndex = 1; lastKnownFileType = text.xcconfig; name = "Pods-SuperAwesome.debug.xcconfig"; path = "Target Support Files/Pods-SuperAwesome/Pods-SuperAwesome.debug.xcconfig"; sourceTree = "<group>"; };
		5FDC5DDF2247CC69FA37359E /* Pods-MoyaUnitTests.debug.xcconfig */ = {isa = PBXFileReference; includeInIndex = 1; lastKnownFileType = text.xcconfig; name = "Pods-MoyaUnitTests.debug.xcconfig"; path = "Target Support Files/Pods-MoyaUnitTests/Pods-MoyaUnitTests.debug.xcconfig"; sourceTree = "<group>"; };
		763EEEB15C3FC5CF9C4C2503 /* Pods-Tests.release.xcconfig */ = {isa = PBXFileReference; includeInIndex = 1; lastKnownFileType = text.xcconfig; name = "Pods-Tests.release.xcconfig"; path = "Target Support Files/Pods-Tests/Pods-Tests.release.xcconfig"; sourceTree = "<group>"; };
		A01EA0D5528DC347839D3C89 /* Pods_Tests.framework */ = {isa = PBXFileReference; explicitFileType = wrapper.framework; includeInIndex = 0; path = Pods_Tests.framework; sourceTree = BUILT_PRODUCTS_DIR; };
		C647364124CF4A130093342F /* TestSAUtils_MonthYearStringFromDate.m */ = {isa = PBXFileReference; fileEncoding = 4; lastKnownFileType = sourcecode.c.objc; path = TestSAUtils_MonthYearStringFromDate.m; sourceTree = "<group>"; };
		C64CAD27249CC5AB00788A7F /* MoPubViewController.swift */ = {isa = PBXFileReference; lastKnownFileType = sourcecode.swift; path = MoPubViewController.swift; sourceTree = "<group>"; };
		C6535600245239270043115E /* SuperAwesomeExample.entitlements */ = {isa = PBXFileReference; lastKnownFileType = text.plist.entitlements; path = SuperAwesomeExample.entitlements; sourceTree = "<group>"; };
		C6535601245239270043115E /* HealthKit.framework */ = {isa = PBXFileReference; lastKnownFileType = wrapper.framework; name = HealthKit.framework; path = System/Library/Frameworks/HealthKit.framework; sourceTree = SDKROOT; };
		C668A6F7243656E200C18228 /* SATestUtils.h */ = {isa = PBXFileReference; fileEncoding = 4; lastKnownFileType = sourcecode.c.h; path = SATestUtils.h; sourceTree = "<group>"; };
		C668A6F8243656E200C18228 /* SATestUtils.m */ = {isa = PBXFileReference; fileEncoding = 4; lastKnownFileType = sourcecode.c.objc; path = SATestUtils.m; sourceTree = "<group>"; };
		D6B71C01F9DFB74D05E0B0FD /* Pods-SuperAwesomeExample.debug.xcconfig */ = {isa = PBXFileReference; includeInIndex = 1; lastKnownFileType = text.xcconfig; name = "Pods-SuperAwesomeExample.debug.xcconfig"; path = "Target Support Files/Pods-SuperAwesomeExample/Pods-SuperAwesomeExample.debug.xcconfig"; sourceTree = "<group>"; };
		D8F2154D326FE2F80967D14F /* Pods-Tests.debug.xcconfig */ = {isa = PBXFileReference; includeInIndex = 1; lastKnownFileType = text.xcconfig; name = "Pods-Tests.debug.xcconfig"; path = "Target Support Files/Pods-Tests/Pods-Tests.debug.xcconfig"; sourceTree = "<group>"; };
		DECC64E7421DE990CD928FFD /* Pods-SuperAwesomeExample.release.xcconfig */ = {isa = PBXFileReference; includeInIndex = 1; lastKnownFileType = text.xcconfig; name = "Pods-SuperAwesomeExample.release.xcconfig"; path = "Target Support Files/Pods-SuperAwesomeExample/Pods-SuperAwesomeExample.release.xcconfig"; sourceTree = "<group>"; };
		F3FD76F374BF5D4DEE6536DA /* Pods_MoyaUnitTests.framework */ = {isa = PBXFileReference; explicitFileType = wrapper.framework; includeInIndex = 0; path = Pods_MoyaUnitTests.framework; sourceTree = BUILT_PRODUCTS_DIR; };
/* End PBXFileReference section */

/* Begin PBXFrameworksBuildPhase section */
		1B0D26C91CF7186F00619C9C /* Frameworks */ = {
			isa = PBXFrameworksBuildPhase;
			buildActionMask = 2147483647;
			files = (
				21528C928B7BFDA0D29213BE /* Pods_Tests.framework in Frameworks */,
			);
			runOnlyForDeploymentPostprocessing = 0;
		};
		1B76D2301C91EEB1000AE8F3 /* Frameworks */ = {
			isa = PBXFrameworksBuildPhase;
			buildActionMask = 2147483647;
			files = (
				C6535602245239270043115E /* HealthKit.framework in Frameworks */,
				A7EFC8DE3E1F552F65AEDB94 /* Pods_SuperAwesomeExample.framework in Frameworks */,
			);
			runOnlyForDeploymentPostprocessing = 0;
		};
/* End PBXFrameworksBuildPhase section */

/* Begin PBXGroup section */
		1B0D26CD1CF7186F00619C9C /* Tests */ = {
			isa = PBXGroup;
			children = (
				C668A6F7243656E200C18228 /* SATestUtils.h */,
				C668A6F8243656E200C18228 /* SATestUtils.m */,
				1B226FCB23536F8200FA8326 /* SAAdLoader */,
				1B226FB223536F8200FA8326 /* SAEvents */,
				1B22701123536F8300FA8326 /* SAIsMinor */,
				1B226FF523536F8300FA8326 /* SAJsonParser */,
				1B22700323536F8300FA8326 /* SAModelSpace */,
				1B226FDA23536F8200FA8326 /* SANetwork */,
				1B226FE123536F8300FA8326 /* SASession */,
				1B226F9B23536F8200FA8326 /* SAUtils */,
				1B226FE323536F8300FA8326 /* SAVASTParser */,
				1B0D26D01CF7186F00619C9C /* Info.plist */,
				1BA72AC024365236003A31C5 /* fixtures_tests.bundle */,
			);
			path = Tests;
			sourceTree = "<group>";
		};
		1B226F9B23536F8200FA8326 /* SAUtils */ = {
			isa = PBXGroup;
			children = (
				C647364124CF4A130093342F /* TestSAUtils_MonthYearStringFromDate.m */,
				1B226F9C23536F8200FA8326 /* TestSAUtils_UIColorFromRGB.m */,
				1B226F9D23536F8200FA8326 /* TestSAUtils_GetSystemSize.m */,
				1B226F9E23536F8200FA8326 /* TestSAUtils_FilePathInDocuments.m */,
				1B226F9F23536F8200FA8326 /* TestSAUtils_EncodeJSONDictionaryFromNSDictionary.m */,
				1B226FA023536F8200FA8326 /* TestSAUtils_RemoveAllButFirst.m */,
				1B226FA123536F8200FA8326 /* TestSAUtils_GetCachebuster.m */,
				1B226FA223536F8200FA8326 /* TestSAUtils_IsValidURL.m */,
				1B226FA323536F8200FA8326 /* MockModel.h */,
				1B226FA423536F8200FA8326 /* TestSAUtils_FindSubstring.m */,
				1B226FA523536F8200FA8326 /* TestSAUtils_GetVerboseSystemDetails.m */,
				1B226FA623536F8200FA8326 /* TestSAUtils_EncodeURI.m */,
				1B226FA723536F8200FA8326 /* TestSAUtils_UIColorFromHex.m */,
				1B226FA823536F8200FA8326 /* TestSAUtils_FormGetQueryFromDict.m */,
				1B226FA923536F8200FA8326 /* TestSAUtils_GenerateUniqueKey.m */,
				1B226FAB23536F8200FA8326 /* TestSAUtils_IsRectInRect.m */,
				1B226FAC23536F8200FA8326 /* MockModel.m */,
				1B226FAD23536F8200FA8326 /* TestSAUtils_RandomNumberBetween.m */,
				1B226FAE23536F8200FA8326 /* TestSAUtils_IsEmailValid.m */,
				1B226FAF23536F8200FA8326 /* TestSAUtils_MapInto.m */,
				1B226FB023536F8200FA8326 /* TestSAUtils_FilterBy.m */,
				1B226FB123536F8200FA8326 /* TestSAUtils_FindBaseURLFromResource.m */,
			);
			path = SAUtils;
			sourceTree = "<group>";
		};
		1B226FB223536F8200FA8326 /* SAEvents */ = {
			isa = PBXGroup;
			children = (
				1B226FB323536F8200FA8326 /* SAMocks.h */,
				1B226FB423536F8200FA8326 /* TestSAURLEventSetup.m */,
				1B226FB523536F8200FA8326 /* TestSAVASTModule.m */,
				1B226FB623536F8200FA8326 /* TestSAImpressionEventTrigger.m */,
				1B226FB723536F8200FA8326 /* SAModelFactory.m */,
				1B226FB823536F8200FA8326 /* TestViewableImpressionEventSetup.m */,
				1B226FB923536F8200FA8326 /* TestSAClickEventSetup.m */,
				1B226FBA23536F8200FA8326 /* Server */,
				1B226FBF23536F8200FA8326 /* TestSAClickEventTrigger.m */,
				1B226FC023536F8200FA8326 /* TestViewableImpressionEventTrigger.m */,
				1B226FC123536F8200FA8326 /* SAMocks.m */,
				1B226FC223536F8200FA8326 /* TestMoatModule.m */,
				1B226FC323536F8200FA8326 /* TestSAServerModule.m */,
				1B226FC423536F8200FA8326 /* SAModelFactory.h */,
				1B226FC523536F8200FA8326 /* TestSAImpressionEventSetup.m */,
				1B226FC623536F8200FA8326 /* TestSAURLEventTrigger.m */,
				1B226FC723536F8200FA8326 /* TestSAServerEventSetup.m */,
				1B226FC823536F8200FA8326 /* Session */,
			);
			path = SAEvents;
			sourceTree = "<group>";
		};
		1B226FBA23536F8200FA8326 /* Server */ = {
			isa = PBXGroup;
			children = (
				1B226FBB23536F8200FA8326 /* SAMockEventsServer.m */,
				1B226FBD23536F8200FA8326 /* SAMockEventsServer.h */,
			);
			path = Server;
			sourceTree = "<group>";
		};
		1B226FC823536F8200FA8326 /* Session */ = {
			isa = PBXGroup;
			children = (
				1B226FC923536F8200FA8326 /* MockSession.m */,
				1B226FCA23536F8200FA8326 /* MockSession.h */,
			);
			path = Session;
			sourceTree = "<group>";
		};
		1B226FCB23536F8200FA8326 /* SAAdLoader */ = {
			isa = PBXGroup;
			children = (
				1B226FCC23536F8200FA8326 /* SAMockAdServer.h */,
				1B226FCD23536F8200FA8326 /* TestSAProcessHTML.m */,
				1B226FCE23536F8200FA8326 /* SAMockSession.h */,
				1B226FD023536F8200FA8326 /* SAResponseFactory.h */,
				1B226FD123536F8200FA8326 /* SAMockAdServer.m */,
				1B226FD223536F8200FA8326 /* TestSAAdLoader_GetAwesomeAdsEndpoint.m */,
				1B226FD423536F8200FA8326 /* TestSAAdLoader_LoadAd.m */,
				1B226FD523536F8200FA8326 /* SAMockSession.m */,
				1B226FD623536F8200FA8326 /* TestSAAdLoader_GetAwesomeAdsHeader.m */,
				1B226FD723536F8200FA8326 /* TestSAAdLoader_GetAwesomeAdsQuery.m */,
				1B226FD923536F8200FA8326 /* SAResponseFactory.m */,
			);
			path = SAAdLoader;
			sourceTree = "<group>";
		};
		1B226FDA23536F8200FA8326 /* SANetwork */ = {
			isa = PBXGroup;
			children = (
				1B226FDC23536F8200FA8326 /* SANetwork_Network_Tests.m */,
				1B226FDF23536F8300FA8326 /* SANetwork_FileItem_Tests.m */,
				1B226FE023536F8300FA8326 /* SANetwork_FileDownloader_Tests.m */,
			);
			path = SANetwork;
			sourceTree = "<group>";
		};
		1B226FE123536F8300FA8326 /* SASession */ = {
			isa = PBXGroup;
			children = (
				1B226FE223536F8300FA8326 /* SASession_Tests.m */,
			);
			path = SASession;
			sourceTree = "<group>";
		};
		1B226FE323536F8300FA8326 /* SAVASTParser */ = {
			isa = PBXGroup;
			children = (
				1B226FE423536F8300FA8326 /* SAXML_Parser_Tests4.m */,
				1B226FE723536F8300FA8326 /* SAXML_Parser_Tests7.m */,
				1B226FE823536F8300FA8326 /* SAMockVASTServer.m */,
				1B226FE923536F8300FA8326 /* SAXML_Parser_Tests3.m */,
				1B226FEB23536F8300FA8326 /* SAXML_Parser_Tests6.m */,
				1B226FEC23536F8300FA8326 /* SAXML_Parser_Tests2.m */,
				1B226FEE23536F8300FA8326 /* SAVAST_Parser_Async_Tests.m */,
				1B226FEF23536F8300FA8326 /* SAVAST_Parser_Local_Tests1.m */,
				1B226FF023536F8300FA8326 /* SAXML_Parser_Tests5.m */,
				1B226FF123536F8300FA8326 /* SAMockVASTServer.h */,
				1B226FF223536F8300FA8326 /* SAXML_Parser_Tests1.m */,
				1B226FF323536F8300FA8326 /* SAVAST_Parser_Local_Tests2.m */,
			);
			path = SAVASTParser;
			sourceTree = "<group>";
		};
		1B226FF523536F8300FA8326 /* SAJsonParser */ = {
			isa = PBXGroup;
			children = (
				1B226FF623536F8300FA8326 /* Mocks */,
				1B226FFD23536F8300FA8326 /* TestSAJsonParser_ParseObject.m */,
				1B226FFE23536F8300FA8326 /* TestSAJsonParser_ParseArray.m */,
				1B226FFF23536F8300FA8326 /* TestSAJsonParser_WriteDictionary.m */,
				1B22700023536F8300FA8326 /* TestSAJsonParser_WriteArray.m */,
				1B22700123536F8300FA8326 /* TestSAJsonParser_WriteObject.m */,
				1B22700223536F8300FA8326 /* TestSAJsonParser_ParseDictionary.m */,
			);
			path = SAJsonParser;
			sourceTree = "<group>";
		};
		1B226FF623536F8300FA8326 /* Mocks */ = {
			isa = PBXGroup;
			children = (
				1B226FF723536F8300FA8326 /* SAMockEmployeeModel.h */,
				1B226FF823536F8300FA8326 /* SAMockPositionModel.h */,
				1B226FF923536F8300FA8326 /* SAMockCompanyModel.h */,
				1B226FFA23536F8300FA8326 /* SAMockPositionModel.m */,
				1B226FFB23536F8300FA8326 /* SAMockEmployeeModel.m */,
				1B226FFC23536F8300FA8326 /* SAMockCompanyModel.m */,
			);
			path = Mocks;
			sourceTree = "<group>";
		};
		1B22700323536F8300FA8326 /* SAModelSpace */ = {
			isa = PBXGroup;
			children = (
				1B22700423536F8300FA8326 /* TestSAAd_4.m */,
				1B22700723536F8300FA8326 /* TestSAAd_3.m */,
				1B22700823536F8300FA8326 /* TestSAAd_7.m */,
				1B22700923536F8300FA8326 /* TestSAAd_2.m */,
				1B22700A23536F8300FA8326 /* TestSAAd_8.m */,
				1B22700B23536F8300FA8326 /* TestSAAd_6.m */,
				1B22700D23536F8300FA8326 /* TestSAVAST_2.m */,
				1B22700E23536F8300FA8326 /* TestSAAd_1.m */,
				1B22700F23536F8300FA8326 /* TestSAAd_5.m */,
				1B22701023536F8300FA8326 /* TestSAVAST_1.m */,
			);
			path = SAModelSpace;
			sourceTree = "<group>";
		};
		1B22701123536F8300FA8326 /* SAIsMinor */ = {
			isa = PBXGroup;
			children = (
				1B22701223536F8300FA8326 /* SAGDPRKisMinor_Tests-Bridging-Header.h */,
				1B22701323536F8300FA8326 /* GetIsMinor+RequestTests.swift */,
				1B22701423536F8300FA8326 /* TestsUtils.swift */,
				1B22701523536F8300FA8326 /* GetIsMinorModel+Mapping.swift */,
			);
			path = SAIsMinor;
			sourceTree = "<group>";
		};
		1B76D22A1C91EEB1000AE8F3 = {
			isa = PBXGroup;
			children = (
				C6535600245239270043115E /* SuperAwesomeExample.entitlements */,
				1B76D2351C91EEB1000AE8F3 /* SuperAwesome */,
				1B0D26CD1CF7186F00619C9C /* Tests */,
				1B76D2341C91EEB1000AE8F3 /* Products */,
				91259B494F3335F77596BCC1 /* Pods */,
				63CB71636A495D6FBABE5223 /* Frameworks */,
			);
			sourceTree = "<group>";
		};
		1B76D2341C91EEB1000AE8F3 /* Products */ = {
			isa = PBXGroup;
			children = (
				1B76D2331C91EEB1000AE8F3 /* SuperAwesomeExample.app */,
				1B0D26CC1CF7186F00619C9C /* Tests.xctest */,
			);
			name = Products;
			sourceTree = "<group>";
		};
		1B76D2351C91EEB1000AE8F3 /* SuperAwesome */ = {
			isa = PBXGroup;
			children = (
				1BB5F58E1ED6CC4F00ACD72E /* Storyboards */,
				1BB5F58D1ED6CC4300ACD72E /* Meta */,
				1BB5F58C1ED6CC3900ACD72E /* Controllers */,
				1B76D2361C91EEB1000AE8F3 /* Supporting Files */,
			);
			path = SuperAwesome;
			sourceTree = "<group>";
		};
		1B76D2361C91EEB1000AE8F3 /* Supporting Files */ = {
			isa = PBXGroup;
			children = (
				1B76D2371C91EEB1000AE8F3 /* main.m */,
			);
			name = "Supporting Files";
			sourceTree = "<group>";
		};
		1BB5F58C1ED6CC3900ACD72E /* Controllers */ = {
			isa = PBXGroup;
			children = (
				1B76D23C1C91EEB1000AE8F3 /* ViewController.h */,
				1B76D23D1C91EEB1000AE8F3 /* ViewController.m */,
				C64CAD27249CC5AB00788A7F /* MoPubViewController.swift */,
			);
			name = Controllers;
			sourceTree = "<group>";
		};
		1BB5F58D1ED6CC4300ACD72E /* Meta */ = {
			isa = PBXGroup;
			children = (
				1B76D2391C91EEB1000AE8F3 /* AppDelegate.h */,
				1B76D23A1C91EEB1000AE8F3 /* AppDelegate.m */,
				1B76D2421C91EEB1000AE8F3 /* Assets.xcassets */,
				1B76D2471C91EEB1000AE8F3 /* Info.plist */,
				1BFE15E422A00DE500C500C0 /* SuperAwesome-Bridging-Header.h */,
			);
			name = Meta;
			sourceTree = "<group>";
		};
		1BB5F58E1ED6CC4F00ACD72E /* Storyboards */ = {
			isa = PBXGroup;
			children = (
				1B76D2441C91EEB1000AE8F3 /* LaunchScreen.storyboard */,
				1B76D23F1C91EEB1000AE8F3 /* Main.storyboard */,
			);
			name = Storyboards;
			sourceTree = "<group>";
		};
		63CB71636A495D6FBABE5223 /* Frameworks */ = {
			isa = PBXGroup;
			children = (
				C6535601245239270043115E /* HealthKit.framework */,
				F3FD76F374BF5D4DEE6536DA /* Pods_MoyaUnitTests.framework */,
				46665EBC142A783963BB4282 /* Pods_SuperAwesomeExample.framework */,
				A01EA0D5528DC347839D3C89 /* Pods_Tests.framework */,
			);
			name = Frameworks;
			sourceTree = "<group>";
		};
		91259B494F3335F77596BCC1 /* Pods */ = {
			isa = PBXGroup;
			children = (
				497D5AC68B2B27DFFAACACA7 /* Pods-SuperAwesome.debug.xcconfig */,
				2294CA59892B5A87435606EE /* Pods-SuperAwesome.release.xcconfig */,
				D8F2154D326FE2F80967D14F /* Pods-Tests.debug.xcconfig */,
				763EEEB15C3FC5CF9C4C2503 /* Pods-Tests.release.xcconfig */,
				D6B71C01F9DFB74D05E0B0FD /* Pods-SuperAwesomeExample.debug.xcconfig */,
				DECC64E7421DE990CD928FFD /* Pods-SuperAwesomeExample.release.xcconfig */,
				5FDC5DDF2247CC69FA37359E /* Pods-MoyaUnitTests.debug.xcconfig */,
				235DC26E667FEA43E2153B95 /* Pods-MoyaUnitTests.release.xcconfig */,
			);
			path = Pods;
			sourceTree = "<group>";
		};
/* End PBXGroup section */

/* Begin PBXNativeTarget section */
		1B0D26CB1CF7186F00619C9C /* Tests */ = {
			isa = PBXNativeTarget;
			buildConfigurationList = 1B0D26D31CF7186F00619C9C /* Build configuration list for PBXNativeTarget "Tests" */;
			buildPhases = (
				0184385E7C1BAFD35FBF2C57 /* [CP] Check Pods Manifest.lock */,
				1B0D26C81CF7186F00619C9C /* Sources */,
				1B0D26C91CF7186F00619C9C /* Frameworks */,
				1B0D26CA1CF7186F00619C9C /* Resources */,
				8C351D1E69C7C0F633F97B45 /* [CP] Embed Pods Frameworks */,
			);
			buildRules = (
			);
			dependencies = (
				1B0D26D21CF7186F00619C9C /* PBXTargetDependency */,
			);
			name = Tests;
			productName = Tests;
			productReference = 1B0D26CC1CF7186F00619C9C /* Tests.xctest */;
			productType = "com.apple.product-type.bundle.unit-test";
		};
		1B76D2321C91EEB1000AE8F3 /* SuperAwesomeExample */ = {
			isa = PBXNativeTarget;
			buildConfigurationList = 1B76D24A1C91EEB1000AE8F3 /* Build configuration list for PBXNativeTarget "SuperAwesomeExample" */;
			buildPhases = (
				562E66F02882654D5484698E /* [CP] Check Pods Manifest.lock */,
				1B76D22F1C91EEB1000AE8F3 /* Sources */,
				1B76D2301C91EEB1000AE8F3 /* Frameworks */,
				1B76D2311C91EEB1000AE8F3 /* Resources */,
				7F37D031D2677F6CA77EAFE2 /* [CP] Embed Pods Frameworks */,
			);
			buildRules = (
			);
			dependencies = (
			);
			name = SuperAwesomeExample;
			productName = SuperAwesome;
			productReference = 1B76D2331C91EEB1000AE8F3 /* SuperAwesomeExample.app */;
			productType = "com.apple.product-type.application";
		};
/* End PBXNativeTarget section */

/* Begin PBXProject section */
		1B76D22B1C91EEB1000AE8F3 /* Project object */ = {
			isa = PBXProject;
			attributes = {
				LastSwiftUpdateCheck = 1140;
				LastUpgradeCheck = 1140;
				ORGANIZATIONNAME = "";
				TargetAttributes = {
					1B0D26CB1CF7186F00619C9C = {
						CreatedOnToolsVersion = 7.3.1;
						TestTargetID = 1B76D2321C91EEB1000AE8F3;
					};
					1B76D2321C91EEB1000AE8F3 = {
						CreatedOnToolsVersion = 7.2.1;
						DevelopmentTeam = DCC9L689QJ;
						LastSwiftMigration = 1020;
						ProvisioningStyle = Automatic;
					};
				};
			};
			buildConfigurationList = 1B76D22E1C91EEB1000AE8F3 /* Build configuration list for PBXProject "SuperAwesomeExample" */;
			compatibilityVersion = "Xcode 3.2";
			developmentRegion = en;
			hasScannedForEncodings = 0;
			knownRegions = (
				en,
				Base,
			);
			mainGroup = 1B76D22A1C91EEB1000AE8F3;
			productRefGroup = 1B76D2341C91EEB1000AE8F3 /* Products */;
			projectDirPath = "";
			projectRoot = "";
			targets = (
				1B76D2321C91EEB1000AE8F3 /* SuperAwesomeExample */,
				1B0D26CB1CF7186F00619C9C /* Tests */,
			);
		};
/* End PBXProject section */

/* Begin PBXResourcesBuildPhase section */
		1B0D26CA1CF7186F00619C9C /* Resources */ = {
			isa = PBXResourcesBuildPhase;
			buildActionMask = 2147483647;
			files = (
				1BA72AC124365236003A31C5 /* fixtures_tests.bundle in Resources */,
			);
			runOnlyForDeploymentPostprocessing = 0;
		};
		1B76D2311C91EEB1000AE8F3 /* Resources */ = {
			isa = PBXResourcesBuildPhase;
			buildActionMask = 2147483647;
			files = (
				1B76D2461C91EEB1000AE8F3 /* LaunchScreen.storyboard in Resources */,
				1B76D2431C91EEB1000AE8F3 /* Assets.xcassets in Resources */,
				1B76D2411C91EEB1000AE8F3 /* Main.storyboard in Resources */,
			);
			runOnlyForDeploymentPostprocessing = 0;
		};
/* End PBXResourcesBuildPhase section */

/* Begin PBXShellScriptBuildPhase section */
		0184385E7C1BAFD35FBF2C57 /* [CP] Check Pods Manifest.lock */ = {
			isa = PBXShellScriptBuildPhase;
			buildActionMask = 2147483647;
			files = (
			);
			inputFileListPaths = (
			);
			inputPaths = (
				"${PODS_PODFILE_DIR_PATH}/Podfile.lock",
				"${PODS_ROOT}/Manifest.lock",
			);
			name = "[CP] Check Pods Manifest.lock";
			outputFileListPaths = (
			);
			outputPaths = (
				"$(DERIVED_FILE_DIR)/Pods-Tests-checkManifestLockResult.txt",
			);
			runOnlyForDeploymentPostprocessing = 0;
			shellPath = /bin/sh;
			shellScript = "diff \"${PODS_PODFILE_DIR_PATH}/Podfile.lock\" \"${PODS_ROOT}/Manifest.lock\" > /dev/null\nif [ $? != 0 ] ; then\n    # print error to STDERR\n    echo \"error: The sandbox is not in sync with the Podfile.lock. Run 'pod install' or update your CocoaPods installation.\" >&2\n    exit 1\nfi\n# This output is used by Xcode 'outputs' to avoid re-running this script phase.\necho \"SUCCESS\" > \"${SCRIPT_OUTPUT_FILE_0}\"\n";
			showEnvVarsInLog = 0;
		};
		562E66F02882654D5484698E /* [CP] Check Pods Manifest.lock */ = {
			isa = PBXShellScriptBuildPhase;
			buildActionMask = 2147483647;
			files = (
			);
			inputFileListPaths = (
			);
			inputPaths = (
				"${PODS_PODFILE_DIR_PATH}/Podfile.lock",
				"${PODS_ROOT}/Manifest.lock",
			);
			name = "[CP] Check Pods Manifest.lock";
			outputFileListPaths = (
			);
			outputPaths = (
				"$(DERIVED_FILE_DIR)/Pods-SuperAwesomeExample-checkManifestLockResult.txt",
			);
			runOnlyForDeploymentPostprocessing = 0;
			shellPath = /bin/sh;
			shellScript = "diff \"${PODS_PODFILE_DIR_PATH}/Podfile.lock\" \"${PODS_ROOT}/Manifest.lock\" > /dev/null\nif [ $? != 0 ] ; then\n    # print error to STDERR\n    echo \"error: The sandbox is not in sync with the Podfile.lock. Run 'pod install' or update your CocoaPods installation.\" >&2\n    exit 1\nfi\n# This output is used by Xcode 'outputs' to avoid re-running this script phase.\necho \"SUCCESS\" > \"${SCRIPT_OUTPUT_FILE_0}\"\n";
			showEnvVarsInLog = 0;
		};
		7F37D031D2677F6CA77EAFE2 /* [CP] Embed Pods Frameworks */ = {
			isa = PBXShellScriptBuildPhase;
			buildActionMask = 2147483647;
			files = (
			);
			inputPaths = (
				"${PODS_ROOT}/Target Support Files/Pods-SuperAwesomeExample/Pods-SuperAwesomeExample-frameworks.sh",
				"${BUILT_PRODUCTS_DIR}/SuperAwesome/SuperAwesome.framework",
				"${BUILT_PRODUCTS_DIR}/mopub-ios-sdk/MoPubSDK.framework",
			);
			name = "[CP] Embed Pods Frameworks";
			outputPaths = (
				"${TARGET_BUILD_DIR}/${FRAMEWORKS_FOLDER_PATH}/SuperAwesome.framework",
				"${TARGET_BUILD_DIR}/${FRAMEWORKS_FOLDER_PATH}/MoPubSDK.framework",
			);
			runOnlyForDeploymentPostprocessing = 0;
			shellPath = /bin/sh;
			shellScript = "\"${PODS_ROOT}/Target Support Files/Pods-SuperAwesomeExample/Pods-SuperAwesomeExample-frameworks.sh\"\n";
			showEnvVarsInLog = 0;
		};
		8C351D1E69C7C0F633F97B45 /* [CP] Embed Pods Frameworks */ = {
			isa = PBXShellScriptBuildPhase;
			buildActionMask = 2147483647;
			files = (
			);
			inputPaths = (
				"${PODS_ROOT}/Target Support Files/Pods-Tests/Pods-Tests-frameworks.sh",
				"${BUILT_PRODUCTS_DIR}/Mockingjay/Mockingjay.framework",
				"${BUILT_PRODUCTS_DIR}/Nimble/Nimble.framework",
				"${BUILT_PRODUCTS_DIR}/OHHTTPStubs/OHHTTPStubs.framework",
				"${BUILT_PRODUCTS_DIR}/URITemplate/URITemplate.framework",
			);
			name = "[CP] Embed Pods Frameworks";
			outputPaths = (
				"${TARGET_BUILD_DIR}/${FRAMEWORKS_FOLDER_PATH}/Mockingjay.framework",
				"${TARGET_BUILD_DIR}/${FRAMEWORKS_FOLDER_PATH}/Nimble.framework",
				"${TARGET_BUILD_DIR}/${FRAMEWORKS_FOLDER_PATH}/OHHTTPStubs.framework",
				"${TARGET_BUILD_DIR}/${FRAMEWORKS_FOLDER_PATH}/URITemplate.framework",
			);
			runOnlyForDeploymentPostprocessing = 0;
			shellPath = /bin/sh;
			shellScript = "\"${PODS_ROOT}/Target Support Files/Pods-Tests/Pods-Tests-frameworks.sh\"\n";
			showEnvVarsInLog = 0;
		};
/* End PBXShellScriptBuildPhase section */

/* Begin PBXSourcesBuildPhase section */
		1B0D26C81CF7186F00619C9C /* Sources */ = {
			isa = PBXSourcesBuildPhase;
			buildActionMask = 2147483647;
			files = (
				1B22701B23536F8300FA8326 /* TestSAUtils_EncodeJSONDictionaryFromNSDictionary.m in Sources */,
				1B22703723536F8300FA8326 /* SAMocks.m in Sources */,
				1B22702F23536F8300FA8326 /* TestSAImpressionEventTrigger.m in Sources */,
				1B22706D23536F8300FA8326 /* TestSAVAST_2.m in Sources */,
				1B22703023536F8300FA8326 /* SAModelFactory.m in Sources */,
				1B22707223536F8300FA8326 /* TestsUtils.swift in Sources */,
				1B22702D23536F8300FA8326 /* TestSAURLEventSetup.m in Sources */,
				1B22706A23536F8300FA8326 /* TestSAAd_8.m in Sources */,
				1B22704D23536F8300FA8326 /* SASession_Tests.m in Sources */,
				1B22704023536F8300FA8326 /* TestSAAdLoader_GetAwesomeAdsEndpoint.m in Sources */,
				1B22703D23536F8300FA8326 /* MockSession.m in Sources */,
				1B22701C23536F8300FA8326 /* TestSAUtils_RemoveAllButFirst.m in Sources */,
				1B22701923536F8300FA8326 /* TestSAUtils_GetSystemSize.m in Sources */,
				1B22703823536F8300FA8326 /* TestMoatModule.m in Sources */,
				1B22705E23536F8300FA8326 /* SAMockCompanyModel.m in Sources */,
				1B22707323536F8300FA8326 /* GetIsMinorModel+Mapping.swift in Sources */,
				1B22706523536F8300FA8326 /* TestSAAd_4.m in Sources */,
				1B22701D23536F8300FA8326 /* TestSAUtils_GetCachebuster.m in Sources */,
				1B22702423536F8300FA8326 /* TestSAUtils_GenerateUniqueKey.m in Sources */,
				1B22706823536F8300FA8326 /* TestSAAd_7.m in Sources */,
				1B22704223536F8300FA8326 /* TestSAAdLoader_LoadAd.m in Sources */,
				1B22702823536F8300FA8326 /* TestSAUtils_RandomNumberBetween.m in Sources */,
				1B22705623536F8300FA8326 /* SAVAST_Parser_Async_Tests.m in Sources */,
				1B22702123536F8300FA8326 /* TestSAUtils_EncodeURI.m in Sources */,
				1B22704323536F8300FA8326 /* SAMockSession.m in Sources */,
				1B22706B23536F8300FA8326 /* TestSAAd_6.m in Sources */,
				1B22703323536F8300FA8326 /* SAMockEventsServer.m in Sources */,
				1B22706F23536F8300FA8326 /* TestSAAd_5.m in Sources */,
				1B22701A23536F8300FA8326 /* TestSAUtils_FilePathInDocuments.m in Sources */,
				1B22704E23536F8300FA8326 /* SAXML_Parser_Tests4.m in Sources */,
				1B22703C23536F8300FA8326 /* TestSAServerEventSetup.m in Sources */,
				1B22705C23536F8300FA8326 /* SAMockPositionModel.m in Sources */,
				1B22703523536F8300FA8326 /* TestSAClickEventTrigger.m in Sources */,
				1B22703123536F8300FA8326 /* TestViewableImpressionEventSetup.m in Sources */,
				1B22706E23536F8300FA8326 /* TestSAAd_1.m in Sources */,
				1B22702623536F8300FA8326 /* TestSAUtils_IsRectInRect.m in Sources */,
				1B22706123536F8300FA8326 /* TestSAJsonParser_WriteDictionary.m in Sources */,
				1B22706923536F8300FA8326 /* TestSAAd_2.m in Sources */,
				1B22704723536F8300FA8326 /* SAResponseFactory.m in Sources */,
				1B22704923536F8300FA8326 /* SANetwork_Network_Tests.m in Sources */,
				1B22705423536F8300FA8326 /* SAXML_Parser_Tests2.m in Sources */,
				1B22703F23536F8300FA8326 /* SAMockAdServer.m in Sources */,
				1B22706723536F8300FA8326 /* TestSAAd_3.m in Sources */,
				1B22704423536F8300FA8326 /* TestSAAdLoader_GetAwesomeAdsHeader.m in Sources */,
				1B22707023536F8300FA8326 /* TestSAVAST_1.m in Sources */,
				1B22705A23536F8300FA8326 /* SAVAST_Parser_Local_Tests2.m in Sources */,
				1B22703B23536F8300FA8326 /* TestSAURLEventTrigger.m in Sources */,
				1B22702723536F8300FA8326 /* MockModel.m in Sources */,
				1B22705923536F8300FA8326 /* SAXML_Parser_Tests1.m in Sources */,
				C668A6F9243656E200C18228 /* SATestUtils.m in Sources */,
				1B22705F23536F8300FA8326 /* TestSAJsonParser_ParseObject.m in Sources */,
				1B22701E23536F8300FA8326 /* TestSAUtils_IsValidURL.m in Sources */,
				1B22704523536F8300FA8326 /* TestSAAdLoader_GetAwesomeAdsQuery.m in Sources */,
				1B22706023536F8300FA8326 /* TestSAJsonParser_ParseArray.m in Sources */,
				C647364224CF4A130093342F /* TestSAUtils_MonthYearStringFromDate.m in Sources */,
				1B22706223536F8300FA8326 /* TestSAJsonParser_WriteArray.m in Sources */,
				1B22702E23536F8300FA8326 /* TestSAVASTModule.m in Sources */,
				1B22705823536F8300FA8326 /* SAXML_Parser_Tests5.m in Sources */,
				1B22702A23536F8300FA8326 /* TestSAUtils_MapInto.m in Sources */,
				1B22705023536F8300FA8326 /* SAXML_Parser_Tests7.m in Sources */,
				1B22705223536F8300FA8326 /* SAXML_Parser_Tests3.m in Sources */,
				1B22702323536F8300FA8326 /* TestSAUtils_FormGetQueryFromDict.m in Sources */,
				1B22705123536F8300FA8326 /* SAMockVASTServer.m in Sources */,
				1B22703223536F8300FA8326 /* TestSAClickEventSetup.m in Sources */,
				1B22702B23536F8300FA8326 /* TestSAUtils_FilterBy.m in Sources */,
				1B22704B23536F8300FA8326 /* SANetwork_FileItem_Tests.m in Sources */,
				1B22702C23536F8300FA8326 /* TestSAUtils_FindBaseURLFromResource.m in Sources */,
				1B22703E23536F8300FA8326 /* TestSAProcessHTML.m in Sources */,
				1B22703923536F8300FA8326 /* TestSAServerModule.m in Sources */,
				1B22707123536F8300FA8326 /* GetIsMinor+RequestTests.swift in Sources */,
				1B22701F23536F8300FA8326 /* TestSAUtils_FindSubstring.m in Sources */,
				1B22705723536F8300FA8326 /* SAVAST_Parser_Local_Tests1.m in Sources */,
				1B22702223536F8300FA8326 /* TestSAUtils_UIColorFromHex.m in Sources */,
				1B22705D23536F8300FA8326 /* SAMockEmployeeModel.m in Sources */,
				1B22704C23536F8300FA8326 /* SANetwork_FileDownloader_Tests.m in Sources */,
				1B22706423536F8300FA8326 /* TestSAJsonParser_ParseDictionary.m in Sources */,
				1B22706323536F8300FA8326 /* TestSAJsonParser_WriteObject.m in Sources */,
				1B22703A23536F8300FA8326 /* TestSAImpressionEventSetup.m in Sources */,
				1B22701823536F8300FA8326 /* TestSAUtils_UIColorFromRGB.m in Sources */,
				1B22703623536F8300FA8326 /* TestViewableImpressionEventTrigger.m in Sources */,
				1B22702923536F8300FA8326 /* TestSAUtils_IsEmailValid.m in Sources */,
				1B22702023536F8300FA8326 /* TestSAUtils_GetVerboseSystemDetails.m in Sources */,
				1B22705323536F8300FA8326 /* SAXML_Parser_Tests6.m in Sources */,
			);
			runOnlyForDeploymentPostprocessing = 0;
		};
		1B76D22F1C91EEB1000AE8F3 /* Sources */ = {
			isa = PBXSourcesBuildPhase;
			buildActionMask = 2147483647;
			files = (
				C64CAD28249CC5AB00788A7F /* MoPubViewController.swift in Sources */,
				1B76D23E1C91EEB1000AE8F3 /* ViewController.m in Sources */,
				1B76D23B1C91EEB1000AE8F3 /* AppDelegate.m in Sources */,
				1B76D2381C91EEB1000AE8F3 /* main.m in Sources */,
			);
			runOnlyForDeploymentPostprocessing = 0;
		};
/* End PBXSourcesBuildPhase section */

/* Begin PBXTargetDependency section */
		1B0D26D21CF7186F00619C9C /* PBXTargetDependency */ = {
			isa = PBXTargetDependency;
			target = 1B76D2321C91EEB1000AE8F3 /* SuperAwesomeExample */;
			targetProxy = 1B0D26D11CF7186F00619C9C /* PBXContainerItemProxy */;
		};
/* End PBXTargetDependency section */

/* Begin PBXVariantGroup section */
		1B76D23F1C91EEB1000AE8F3 /* Main.storyboard */ = {
			isa = PBXVariantGroup;
			children = (
				1B76D2401C91EEB1000AE8F3 /* Base */,
			);
			name = Main.storyboard;
			sourceTree = "<group>";
		};
		1B76D2441C91EEB1000AE8F3 /* LaunchScreen.storyboard */ = {
			isa = PBXVariantGroup;
			children = (
				1B76D2451C91EEB1000AE8F3 /* Base */,
			);
			name = LaunchScreen.storyboard;
			sourceTree = "<group>";
		};
/* End PBXVariantGroup section */

/* Begin XCBuildConfiguration section */
		1B0D26D41CF7186F00619C9C /* Debug */ = {
			isa = XCBuildConfiguration;
			baseConfigurationReference = D8F2154D326FE2F80967D14F /* Pods-Tests.debug.xcconfig */;
			buildSettings = {
				ALWAYS_EMBED_SWIFT_STANDARD_LIBRARIES = YES;
				BUNDLE_LOADER = "$(TEST_HOST)";
				CLANG_ANALYZER_NONNULL = YES;
				"CODE_SIGN_IDENTITY[sdk=iphoneos*]" = "iPhone Developer";
				INFOPLIST_FILE = Tests/Info.plist;
				IPHONEOS_DEPLOYMENT_TARGET = 10.0;
				LD_RUNPATH_SEARCH_PATHS = "$(inherited) @executable_path/Frameworks @loader_path/Frameworks";
				OTHER_LDFLAGS = (
					"-framework",
					"\"CFNetwork\"",
					"-framework",
					"\"Foundation\"",
					"-framework",
					"\"Nimble\"",
					"-framework",
					"\"OHHTTPStubs\"",
					"-framework",
					"\"SuperAwesome\"",
					"-weak_framework",
					"\"XCTest\"",
				);
				PRODUCT_BUNDLE_IDENTIFIER = tv.superawesome.Tests;
				PRODUCT_NAME = "$(TARGET_NAME)";
				SWIFT_VERSION = 5.0;
				TEST_HOST = "$(BUILT_PRODUCTS_DIR)/SuperAwesomeExample.app/SuperAwesomeExample";
			};
			name = Debug;
		};
		1B0D26D51CF7186F00619C9C /* Release */ = {
			isa = XCBuildConfiguration;
			baseConfigurationReference = 763EEEB15C3FC5CF9C4C2503 /* Pods-Tests.release.xcconfig */;
			buildSettings = {
				ALWAYS_EMBED_SWIFT_STANDARD_LIBRARIES = YES;
				BUNDLE_LOADER = "$(TEST_HOST)";
				CLANG_ANALYZER_NONNULL = YES;
				"CODE_SIGN_IDENTITY[sdk=iphoneos*]" = "iPhone Developer";
				INFOPLIST_FILE = Tests/Info.plist;
				IPHONEOS_DEPLOYMENT_TARGET = 10.0;
				LD_RUNPATH_SEARCH_PATHS = "$(inherited) @executable_path/Frameworks @loader_path/Frameworks";
				OTHER_LDFLAGS = (
					"-framework",
					"\"CFNetwork\"",
					"-framework",
					"\"Foundation\"",
					"-framework",
					"\"Nimble\"",
					"-framework",
					"\"OHHTTPStubs\"",
					"-framework",
					"\"SuperAwesome\"",
					"-weak_framework",
					"\"XCTest\"",
				);
				PRODUCT_BUNDLE_IDENTIFIER = tv.superawesome.Tests;
				PRODUCT_NAME = "$(TARGET_NAME)";
				SWIFT_VERSION = 5.0;
				TEST_HOST = "$(BUILT_PRODUCTS_DIR)/SuperAwesomeExample.app/SuperAwesomeExample";
			};
			name = Release;
		};
		1B76D2481C91EEB1000AE8F3 /* Debug */ = {
			isa = XCBuildConfiguration;
			buildSettings = {
				ALWAYS_SEARCH_USER_PATHS = NO;
				CLANG_ANALYZER_LOCALIZABILITY_NONLOCALIZED = YES;
				CLANG_CXX_LANGUAGE_STANDARD = "gnu++0x";
				CLANG_CXX_LIBRARY = "libc++";
				CLANG_ENABLE_MODULES = YES;
				CLANG_ENABLE_OBJC_ARC = YES;
				CLANG_WARN_BLOCK_CAPTURE_AUTORELEASING = YES;
				CLANG_WARN_BOOL_CONVERSION = YES;
				CLANG_WARN_COMMA = YES;
				CLANG_WARN_CONSTANT_CONVERSION = YES;
				CLANG_WARN_DEPRECATED_OBJC_IMPLEMENTATIONS = YES;
				CLANG_WARN_DIRECT_OBJC_ISA_USAGE = YES_ERROR;
				CLANG_WARN_EMPTY_BODY = YES;
				CLANG_WARN_ENUM_CONVERSION = YES;
				CLANG_WARN_INFINITE_RECURSION = YES;
				CLANG_WARN_INT_CONVERSION = YES;
				CLANG_WARN_NON_LITERAL_NULL_CONVERSION = YES;
				CLANG_WARN_OBJC_IMPLICIT_RETAIN_SELF = YES;
				CLANG_WARN_OBJC_LITERAL_CONVERSION = YES;
				CLANG_WARN_OBJC_ROOT_CLASS = YES_ERROR;
				CLANG_WARN_RANGE_LOOP_ANALYSIS = YES;
				CLANG_WARN_STRICT_PROTOTYPES = YES;
				CLANG_WARN_SUSPICIOUS_MOVE = YES;
				CLANG_WARN_UNREACHABLE_CODE = YES;
				CLANG_WARN__DUPLICATE_METHOD_MATCH = YES;
				CODE_SIGN_IDENTITY = "iPhone Developer: Gabriel Coman (AWY9H4HC9C)";
				"CODE_SIGN_IDENTITY[sdk=iphoneos*]" = "iPhone Developer: Gabriel Coman (AWY9H4HC9C)";
				COPY_PHASE_STRIP = NO;
				DEBUG_INFORMATION_FORMAT = dwarf;
				ENABLE_STRICT_OBJC_MSGSEND = YES;
				ENABLE_TESTABILITY = YES;
				GCC_C_LANGUAGE_STANDARD = gnu99;
				GCC_DYNAMIC_NO_PIC = NO;
				GCC_NO_COMMON_BLOCKS = YES;
				GCC_OPTIMIZATION_LEVEL = 0;
				GCC_PREPROCESSOR_DEFINITIONS = (
					"DEBUG=1",
					"$(inherited)",
				);
				GCC_WARN_64_TO_32_BIT_CONVERSION = YES;
				GCC_WARN_ABOUT_RETURN_TYPE = YES_ERROR;
				GCC_WARN_UNDECLARED_SELECTOR = YES;
				GCC_WARN_UNINITIALIZED_AUTOS = YES_AGGRESSIVE;
				GCC_WARN_UNUSED_FUNCTION = YES;
				GCC_WARN_UNUSED_VARIABLE = YES;
				IPHONEOS_DEPLOYMENT_TARGET = 10.0;
				MTL_ENABLE_DEBUG_INFO = YES;
				ONLY_ACTIVE_ARCH = YES;
				SDKROOT = iphoneos;
				TARGETED_DEVICE_FAMILY = "1,2";
			};
			name = Debug;
		};
		1B76D2491C91EEB1000AE8F3 /* Release */ = {
			isa = XCBuildConfiguration;
			buildSettings = {
				ALWAYS_SEARCH_USER_PATHS = NO;
				CLANG_ANALYZER_LOCALIZABILITY_NONLOCALIZED = YES;
				CLANG_CXX_LANGUAGE_STANDARD = "gnu++0x";
				CLANG_CXX_LIBRARY = "libc++";
				CLANG_ENABLE_MODULES = YES;
				CLANG_ENABLE_OBJC_ARC = YES;
				CLANG_WARN_BLOCK_CAPTURE_AUTORELEASING = YES;
				CLANG_WARN_BOOL_CONVERSION = YES;
				CLANG_WARN_COMMA = YES;
				CLANG_WARN_CONSTANT_CONVERSION = YES;
				CLANG_WARN_DEPRECATED_OBJC_IMPLEMENTATIONS = YES;
				CLANG_WARN_DIRECT_OBJC_ISA_USAGE = YES_ERROR;
				CLANG_WARN_EMPTY_BODY = YES;
				CLANG_WARN_ENUM_CONVERSION = YES;
				CLANG_WARN_INFINITE_RECURSION = YES;
				CLANG_WARN_INT_CONVERSION = YES;
				CLANG_WARN_NON_LITERAL_NULL_CONVERSION = YES;
				CLANG_WARN_OBJC_IMPLICIT_RETAIN_SELF = YES;
				CLANG_WARN_OBJC_LITERAL_CONVERSION = YES;
				CLANG_WARN_OBJC_ROOT_CLASS = YES_ERROR;
				CLANG_WARN_RANGE_LOOP_ANALYSIS = YES;
				CLANG_WARN_STRICT_PROTOTYPES = YES;
				CLANG_WARN_SUSPICIOUS_MOVE = YES;
				CLANG_WARN_UNREACHABLE_CODE = YES;
				CLANG_WARN__DUPLICATE_METHOD_MATCH = YES;
				CODE_SIGN_IDENTITY = "iPhone Developer: Gabriel Coman (AWY9H4HC9C)";
				"CODE_SIGN_IDENTITY[sdk=iphoneos*]" = "iPhone Developer: Gabriel Coman (AWY9H4HC9C)";
				COPY_PHASE_STRIP = NO;
				DEBUG_INFORMATION_FORMAT = "dwarf-with-dsym";
				ENABLE_NS_ASSERTIONS = NO;
				ENABLE_STRICT_OBJC_MSGSEND = YES;
				GCC_C_LANGUAGE_STANDARD = gnu99;
				GCC_NO_COMMON_BLOCKS = YES;
				GCC_WARN_64_TO_32_BIT_CONVERSION = YES;
				GCC_WARN_ABOUT_RETURN_TYPE = YES_ERROR;
				GCC_WARN_UNDECLARED_SELECTOR = YES;
				GCC_WARN_UNINITIALIZED_AUTOS = YES_AGGRESSIVE;
				GCC_WARN_UNUSED_FUNCTION = YES;
				GCC_WARN_UNUSED_VARIABLE = YES;
				IPHONEOS_DEPLOYMENT_TARGET = 10.0;
				MTL_ENABLE_DEBUG_INFO = NO;
				SDKROOT = iphoneos;
				SWIFT_COMPILATION_MODE = wholemodule;
				TARGETED_DEVICE_FAMILY = "1,2";
				VALIDATE_PRODUCT = YES;
			};
			name = Release;
		};
		1B76D24B1C91EEB1000AE8F3 /* Debug */ = {
			isa = XCBuildConfiguration;
			baseConfigurationReference = D6B71C01F9DFB74D05E0B0FD /* Pods-SuperAwesomeExample.debug.xcconfig */;
			buildSettings = {
				ASSETCATALOG_COMPILER_APPICON_NAME = AppIcon;
				CLANG_ALLOW_NON_MODULAR_INCLUDES_IN_FRAMEWORK_MODULES = NO;
				CLANG_ENABLE_MODULES = YES;
				CODE_SIGN_ENTITLEMENTS = SuperAwesomeExample.entitlements;
				CODE_SIGN_IDENTITY = "Apple Development";
				"CODE_SIGN_IDENTITY[sdk=iphoneos*]" = "iPhone Developer";
				CODE_SIGN_STYLE = Automatic;
				CURRENT_PROJECT_VERSION = 3;
				DEVELOPMENT_TEAM = DCC9L689QJ;
				INFOPLIST_FILE = SuperAwesome/Info.plist;
				IPHONEOS_DEPLOYMENT_TARGET = 10.0;
				LD_RUNPATH_SEARCH_PATHS = "$(inherited) @executable_path/Frameworks";
				OTHER_LDFLAGS = (
					"$(inherited)",
					"-framework",
					"\"SuperAwesome\"",
				);
				PRODUCT_BUNDLE_IDENTIFIER = tv.superawesome.awesomeads.sdk;
				PRODUCT_NAME = SuperAwesomeExample;
				PROVISIONING_PROFILE = "";
				PROVISIONING_PROFILE_SPECIFIER = "";
				SWIFT_OBJC_BRIDGING_HEADER = "SuperAwesome/SuperAwesome-Bridging-Header.h";
				SWIFT_OPTIMIZATION_LEVEL = "-Onone";
				SWIFT_VERSION = 5.0;
				TARGETED_DEVICE_FAMILY = "1,2";
			};
			name = Debug;
		};
		1B76D24C1C91EEB1000AE8F3 /* Release */ = {
			isa = XCBuildConfiguration;
			baseConfigurationReference = DECC64E7421DE990CD928FFD /* Pods-SuperAwesomeExample.release.xcconfig */;
			buildSettings = {
				ASSETCATALOG_COMPILER_APPICON_NAME = AppIcon;
				CLANG_ALLOW_NON_MODULAR_INCLUDES_IN_FRAMEWORK_MODULES = NO;
				CLANG_ENABLE_MODULES = YES;
				CODE_SIGN_ENTITLEMENTS = SuperAwesomeExample.entitlements;
				CODE_SIGN_IDENTITY = "Apple Development";
				"CODE_SIGN_IDENTITY[sdk=iphoneos*]" = "iPhone Developer";
				CODE_SIGN_STYLE = Automatic;
				CURRENT_PROJECT_VERSION = 3;
				DEVELOPMENT_TEAM = DCC9L689QJ;
				INFOPLIST_FILE = SuperAwesome/Info.plist;
				IPHONEOS_DEPLOYMENT_TARGET = 10.0;
				LD_RUNPATH_SEARCH_PATHS = "$(inherited) @executable_path/Frameworks";
				OTHER_LDFLAGS = (
					"$(inherited)",
					"-framework",
					"\"SuperAwesome\"",
				);
				PRODUCT_BUNDLE_IDENTIFIER = tv.superawesome.awesomeads.sdk;
				PRODUCT_NAME = SuperAwesomeExample;
				PROVISIONING_PROFILE_SPECIFIER = "";
				SWIFT_OBJC_BRIDGING_HEADER = "SuperAwesome/SuperAwesome-Bridging-Header.h";
				SWIFT_VERSION = 5.0;
				TARGETED_DEVICE_FAMILY = "1,2";
			};
			name = Release;
		};
/* End XCBuildConfiguration section */

/* Begin XCConfigurationList section */
		1B0D26D31CF7186F00619C9C /* Build configuration list for PBXNativeTarget "Tests" */ = {
			isa = XCConfigurationList;
			buildConfigurations = (
				1B0D26D41CF7186F00619C9C /* Debug */,
				1B0D26D51CF7186F00619C9C /* Release */,
			);
			defaultConfigurationIsVisible = 0;
			defaultConfigurationName = Release;
		};
		1B76D22E1C91EEB1000AE8F3 /* Build configuration list for PBXProject "SuperAwesomeExample" */ = {
			isa = XCConfigurationList;
			buildConfigurations = (
				1B76D2481C91EEB1000AE8F3 /* Debug */,
				1B76D2491C91EEB1000AE8F3 /* Release */,
			);
			defaultConfigurationIsVisible = 0;
			defaultConfigurationName = Release;
		};
		1B76D24A1C91EEB1000AE8F3 /* Build configuration list for PBXNativeTarget "SuperAwesomeExample" */ = {
			isa = XCConfigurationList;
			buildConfigurations = (
				1B76D24B1C91EEB1000AE8F3 /* Debug */,
				1B76D24C1C91EEB1000AE8F3 /* Release */,
			);
			defaultConfigurationIsVisible = 0;
			defaultConfigurationName = Release;
		};
/* End XCConfigurationList section */
	};
	rootObject = 1B76D22B1C91EEB1000AE8F3 /* Project object */;
}
