PODS:
  - Google-Mobile-Ads-SDK (7.62.0):
    - GoogleAppMeasurement (~> 6.0)
  - GoogleAppMeasurement (6.7.0):
    - GoogleUtilities/AppDelegateSwizzler (~> 6.7)
    - GoogleUtilities/MethodSwizzler (~> 6.7)
    - GoogleUtilities/Network (~> 6.7)
    - "GoogleUtilities/NSData+zlib (~> 6.7)"
    - nanopb (~> 1.30905.0)
  - GoogleUtilities/AppDelegateSwizzler (6.7.1):
    - GoogleUtilities/Environment
    - GoogleUtilities/Logger
    - GoogleUtilities/Network
  - GoogleUtilities/Environment (6.7.1):
    - PromisesObjC (~> 1.2)
  - GoogleUtilities/Logger (6.7.1):
    - GoogleUtilities/Environment
  - GoogleUtilities/MethodSwizzler (6.7.1):
    - GoogleUtilities/Logger
  - GoogleUtilities/Network (6.7.1):
    - GoogleUtilities/Logger
    - "GoogleUtilities/NSData+zlib"
    - GoogleUtilities/Reachability
  - "GoogleUtilities/NSData+zlib (6.7.1)"
  - GoogleUtilities/Reachability (6.7.1):
    - GoogleUtilities/Logger
  - nanopb (1.30905.0):
    - nanopb/decode (= 1.30905.0)
    - nanopb/encode (= 1.30905.0)
  - nanopb/decode (1.30905.0)
  - nanopb/encode (1.30905.0)
  - PromisesObjC (1.2.9)
  - SuperAwesome (7.2.10):
    - SuperAwesome/Full (= 7.2.10)
  - SuperAwesome/Base (7.2.10)
  - SuperAwesome/Full (7.2.10):
    - SuperAwesome/Base
    - SuperAwesome/Moat
  - SuperAwesome/Moat (7.2.10):
    - SuperAwesome/Base
  - SuperAwesomeAdMob (7.2.10):
    - Google-Mobile-Ads-SDK (= 7.62)
    - SuperAwesome (~> 7.2)

DEPENDENCIES:
  - SuperAwesomeAdMob (from `../../../`)

SPEC REPOS:
  trunk:
    - Google-Mobile-Ads-SDK
    - GoogleAppMeasurement
    - GoogleUtilities
    - nanopb
    - PromisesObjC
    - SuperAwesome

EXTERNAL SOURCES:
  SuperAwesomeAdMob:
    :path: "../../../"

SPEC CHECKSUMS:
  Google-Mobile-Ads-SDK: c92c27666fbf684c964259785a6b3cdd3068e06f
  GoogleAppMeasurement: 345d365fd105e6682bf5084783a5352a3db26820
  GoogleUtilities: e121a3867449ce16b0e35ddf1797ea7a389ffdf2
  nanopb: c43f40fadfe79e8b8db116583945847910cbabc9
  PromisesObjC: b48e0338dbbac2207e611750777895f7a5811b75
  SuperAwesome: c3dec103b21dea8e0a6a1ed3f1ac45109167ff7b
  SuperAwesomeAdMob: b6735bf1dfefbc42a248e2e2c14c8afe5ca1d738

PODFILE CHECKSUM: be03e7f6c710c004e8a330f0c687fb673e9a00a8

COCOAPODS: 1.9.3
